
Microsoft Visual Studio Solution File, Format Version 12.00
# Visual Studio Version 17
VisualStudioVersion = 17.0.31919.166
MinimumVisualStudioVersion = 10.0.40219.1
Project("{9A19103F-16F7-4668-BE54-9A1E7A4F7556}") = "Crystal.PInvoke.Core", "Crystal.PInvoke.Core\Crystal.PInvoke.Core.csproj", "{E336D77A-AEC9-4529-935A-CE96367B5A99}"
EndProject
Project("{2150E333-8FDC-42A3-9474-1A3956D46DE8}") = "Crystal.PInvoke", "Crystal.PInvoke", "{5691873E-FF70-46E2-8E95-2656FCAFD031}"
EndProject
Project("{9A19103F-16F7-4668-BE54-9A1E7A4F7556}") = "Crystal.Security", "Crystal.Security\Crystal.Security.csproj", "{6EF5CA3E-5313-4CAB-9B69-2752FCE5871D}"
EndProject
Project("{9A19103F-16F7-4668-BE54-9A1E7A4F7556}") = "Crystal.BITS", "Crystal.BITS\Crystal.BITS.csproj", "{FD7DD098-05CC-4233-8A4A-169397310250}"
EndProject
Project("{9A19103F-16F7-4668-BE54-9A1E7A4F7556}") = "Crystal.PInvoke.Accessibility", "PInvoke\Accessibility\Crystal.PInvoke.Accessibility.csproj", "{598A8CCD-D556-4829-9645-5B87CA95017E}"
EndProject
Project("{9A19103F-16F7-4668-BE54-9A1E7A4F7556}") = "Crystal.PInvoke.AclUI", "PInvoke\AclUI\Crystal.PInvoke.AclUI.csproj", "{ACCF3430-1EC3-4014-A476-6D74DEB9D4E2}"
EndProject
Project("{9A19103F-16F7-4668-BE54-9A1E7A4F7556}") = "Crystal.PInvoke.BITS", "PInvoke\BITS\Crystal.PInvoke.BITS.csproj", "{B5E88DB4-1158-4B84-A6F5-07C10D7E091B}"
EndProject
Project("{9A19103F-16F7-4668-BE54-9A1E7A4F7556}") = "Crystal.PInvoke.Cabinet", "PInvoke\Cabinet\Crystal.PInvoke.Cabinet.csproj", "{1CA12EC6-B76E-436D-B094-6031D77C1008}"
EndProject
Project("{9A19103F-16F7-4668-BE54-9A1E7A4F7556}") = "Crystal.PInvoke.CfgMgr32", "PInvoke\CfgMgr32\Crystal.PInvoke.CfgMgr32.csproj", "{FADE7DD8-E362-4CC6-A184-A50B94BB24E8}"
EndProject
Project("{9A19103F-16F7-4668-BE54-9A1E7A4F7556}") = "Crystal.PInvoke.CimFs", "PInvoke\CimFs\Crystal.PInvoke.CimFs.csproj", "{F36A68F2-2D24-4BBA-B82A-D4338FB5A6BD}"
EndProject
Project("{9A19103F-16F7-4668-BE54-9A1E7A4F7556}") = "Crystal.PInvoke.CldApi", "PInvoke\CldApi\Crystal.PInvoke.CldApi.csproj", "{65DFEA9B-C932-44A1-97B1-514753568B0D}"
EndProject
Project("{9A19103F-16F7-4668-BE54-9A1E7A4F7556}") = "Crystal.PInvoke.ComCtl32", "PInvoke\ComCtl32\Crystal.PInvoke.ComCtl32.csproj", "{3DD1D7A1-B5A3-46CC-A11A-D8A9B360942A}"
EndProject
Project("{9A19103F-16F7-4668-BE54-9A1E7A4F7556}") = "Crystal.PInvoke.ComDlg32", "PInvoke\ComDlg32\Crystal.PInvoke.ComDlg32.csproj", "{8AC71CBD-3258-4EA5-8E68-2040C131D4BE}"
EndProject
Project("{9A19103F-16F7-4668-BE54-9A1E7A4F7556}") = "Crystal.PInvoke.CredUI", "PInvoke\CredUI\Crystal.PInvoke.CredUI.csproj", "{A152B3F4-3804-4821-8057-AE216FCB1AF9}"
EndProject
Project("{9A19103F-16F7-4668-BE54-9A1E7A4F7556}") = "Crystal.PInvoke.Cryptography", "PInvoke\Cryptography\Crystal.PInvoke.Cryptography.csproj", "{3A10A7A8-C9A0-423B-B001-2DF1CEC94169}"
EndProject
Project("{9A19103F-16F7-4668-BE54-9A1E7A4F7556}") = "Crystal.PInvoke.DbgHelp", "PInvoke\DbgHelp\Crystal.PInvoke.DbgHelp.csproj", "{1459D915-140E-4CFA-8AFF-25A4B681D8D2}"
EndProject
Project("{9A19103F-16F7-4668-BE54-9A1E7A4F7556}") = "Crystal.PInvoke.Dhcp", "PInvoke\Dhcp\Crystal.PInvoke.Dhcp.csproj", "{43A25D62-BFF6-4275-AA01-8E6E7378EADD}"
EndProject
Project("{9A19103F-16F7-4668-BE54-9A1E7A4F7556}") = "Crystal.PInvoke.DnsApi", "PInvoke\DnsApi\Crystal.PInvoke.DnsApi.csproj", "{B74C1AC2-092F-4639-9C7B-7D7EB8EA0B65}"
EndProject
Project("{9A19103F-16F7-4668-BE54-9A1E7A4F7556}") = "Crystal.PInvoke.Drt", "PInvoke\Drt\Crystal.PInvoke.Drt.csproj", "{2575FF40-C53D-4631-92FD-49AF38E96B81}"
EndProject
Project("{9A19103F-16F7-4668-BE54-9A1E7A4F7556}") = "Crystal.PInvoke.DwmApi", "PInvoke\DwmApi\Crystal.PInvoke.DwmApi.csproj", "{D8E7644E-F268-450A-8264-41AA07379C7C}"
EndProject
Project("{9A19103F-16F7-4668-BE54-9A1E7A4F7556}") = "Crystal.PInvoke.EnhancedStorage", "PInvoke\EnhancedStorage\Crystal.PInvoke.EnhancedStorage.csproj", "{C423F891-8992-4F33-A4D0-989A327802C8}"
EndProject
Project("{9A19103F-16F7-4668-BE54-9A1E7A4F7556}") = "Crystal.PInvoke.FhSvcCtl", "PInvoke\FhSvcCtl\Crystal.PInvoke.FhSvcCtl.csproj", "{F5EC537D-9907-4D15-8D5B-74DFE53FFA75}"
EndProject
Project("{9A19103F-16F7-4668-BE54-9A1E7A4F7556}") = "Crystal.PInvoke.Gdi32", "PInvoke\Gdi32\Crystal.PInvoke.Gdi32.csproj", "{E025D610-0D9F-47D5-8A3D-46B299104849}"
EndProject
Project("{9A19103F-16F7-4668-BE54-9A1E7A4F7556}") = "Crystal.PInvoke.NTDSApi", "PInvoke\NTDSApi\Crystal.PInvoke.NTDSApi.csproj", "{A6388D7B-9FE3-4CC8-ACF6-258482AB55C4}"
EndProject
Project("{9A19103F-16F7-4668-BE54-9A1E7A4F7556}") = "Crystal.PInvoke.Kernel32", "PInvoke\Kernel32\Crystal.PInvoke.Kernel32.csproj", "{1787E907-F20B-4E78-9B3D-0D93D9BC42A1}"
EndProject
Project("{9A19103F-16F7-4668-BE54-9A1E7A4F7556}") = "Crystal.PInvoke.Ole", "PInvoke\Ole\Crystal.PInvoke.Ole.csproj", "{AB023E2B-2DB7-4149-8816-CC65AD6127EA}"
EndProject
Project("{9A19103F-16F7-4668-BE54-9A1E7A4F7556}") = "Crystal.PInvoke.OleDlg", "PInvoke\OleDlg\Crystal.PInvoke.OleDlg.csproj", "{5510711F-B05C-4609-BF8F-B7E70D9C727D}"
EndProject
Project("{9A19103F-16F7-4668-BE54-9A1E7A4F7556}") = "Crystal.PInvoke.PortableDeviceApi", "PInvoke\PortableDeviceApi\Crystal.PInvoke.PortableDeviceApi.csproj", "{14C7031A-3CCF-4423-9B28-8C0F4F97E738}"
EndProject
Project("{9A19103F-16F7-4668-BE54-9A1E7A4F7556}") = "Crystal.PInvoke.Rpc", "PInvoke\Rpc\Crystal.PInvoke.Rpc.csproj", "{92DAD6DA-3F71-4352-9ED5-8E0078C923F5}"
EndProject
Project("{9A19103F-16F7-4668-BE54-9A1E7A4F7556}") = "Crystal.PInvoke.Security", "PInvoke\Security\Crystal.PInvoke.Security.csproj", "{7D398CEA-6E6C-44DC-82B1-1ECB38E1F8E5}"
EndProject
Project("{9A19103F-16F7-4668-BE54-9A1E7A4F7556}") = "Crystal.PInvoke.SetupAPI", "PInvoke\SetupAPI\Crystal.PInvoke.SetupAPI.csproj", "{A6A5A78A-54C6-4B28-B0FF-9851056387FB}"
EndProject
Project("{9A19103F-16F7-4668-BE54-9A1E7A4F7556}") = "Crystal.PInvoke.Shared", "PInvoke\Sharerd\Crystal.PInvoke.Shared.csproj", "{23EF1475-E832-4693-A263-24F5E8792B8D}"
EndProject
Project("{9A19103F-16F7-4668-BE54-9A1E7A4F7556}") = "Crystal.PInvoke.User32", "PInvoke\User32\Crystal.PInvoke.User32.csproj", "{166DAA88-0223-497C-9BB4-DD92608E6AE6}"
EndProject
Project("{9A19103F-16F7-4668-BE54-9A1E7A4F7556}") = "Crystal.PInvoke.Version", "PInvoke\Version\Crystal.PInvoke.Version.csproj", "{CDA2A6B1-47B6-443E-A2A5-797B43DCB314}"
EndProject
Project("{9A19103F-16F7-4668-BE54-9A1E7A4F7556}") = "Crystal.PInvoke.Ws2_32", "PInvoke\Ws2_32\Crystal.PInvoke.Ws2_32.csproj", "{C7045BDB-7C74-4F8F-A0AE-13691A67D40B}"
EndProject
Project("{9A19103F-16F7-4668-BE54-9A1E7A4F7556}") = "Crystal.PInvoke.Shell32", "PInvoke\Shell32\Crystal.PInvoke.Shell32.csproj", "{B8560BEB-6837-40D9-B9F7-1782029BD0A6}"
EndProject
Project("{9A19103F-16F7-4668-BE54-9A1E7A4F7556}") = "Crystal.PInvoke.ShlwApi", "PInvoke\ShlwApi\Crystal.PInvoke.ShlwApi.csproj", "{B4785B46-5F38-4DF1-85FD-4F00BBD2A66F}"
EndProject
Project("{9A19103F-16F7-4668-BE54-9A1E7A4F7556}") = "Crystal.PInvoke.TaskSchd", "PInvoke\TaskSchd\Crystal.PInvoke.TaskSchd.csproj", "{6A6B409A-256F-415F-ACDE-759D5524C193}"
EndProject
Project("{9A19103F-16F7-4668-BE54-9A1E7A4F7556}") = "Crystal.PInvoke.TextServicesFramework", "PInvoke\TextServicesFramework\Crystal.PInvoke.TextServicesFramework.csproj", "{8B1FC7C3-2D94-424C-B83C-C1E8221A9220}"
EndProject
Project("{9A19103F-16F7-4668-BE54-9A1E7A4F7556}") = "Crystal.PInvoke.UserEnv", "PInvoke\UserEnv\Crystal.PInvoke.UserEnv.csproj", "{B9D0D691-8C96-491E-9A94-ECD3F5D70196}"
EndProject
Project("{9A19103F-16F7-4668-BE54-9A1E7A4F7556}") = "Crystal.PInvoke.UxTheme", "PInvoke\UxTheme\Crystal.PInvoke.UxTheme.csproj", "{F2FE8923-6342-4EAB-9F85-92877C3D9A84}"
EndProject
Project("{9A19103F-16F7-4668-BE54-9A1E7A4F7556}") = "Crystal.PInvoke.VirtDisk", "PInvoke\VirtDisk\Crystal.PInvoke.VirtDisk.csproj", "{C2F69F21-7B52-4166-B1C0-AF6A43A0EA5A}"
EndProject
Project("{8BC9CEB8-8B4A-11D0-8D11-00A0C91BC942}") = "Crystal.PInvoke.VssApi", "PInvoke\VssApi\VssApi.vcxproj", "{11EF8FFF-25DE-4ADB-A951-FA10A421FFE4}"
EndProject
Project("{9A19103F-16F7-4668-BE54-9A1E7A4F7556}") = "Crystal.PInvoke.VssApiMgd", "PInvoke\VssApiMgd\Crystal.PInvoke.VssApiMgd.csproj", "{FECA3C58-8891-4685-8821-AE9B9FD0F61D}"
EndProject
Project("{9A19103F-16F7-4668-BE54-9A1E7A4F7556}") = "Crystal.PInvoke.WcmApi", "PInvoke\WcmApi\Crystal.PInvoke.WcmApi.csproj", "{06FC10FE-AEAC-43D8-BA26-CBD6D553F781}"
EndProject
Project("{9A19103F-16F7-4668-BE54-9A1E7A4F7556}") = "Crystal.PInvoke.WcnApi", "PInvoke\WcnApi\Crystal.PInvoke.WcnApi.csproj", "{E5663F5F-DF0C-4DBC-B7D3-888CD7357641}"
EndProject
Project("{9A19103F-16F7-4668-BE54-9A1E7A4F7556}") = "Crystal.PInvoke.Wer", "PInvoke\Wer\Crystal.PInvoke.Wer.csproj", "{DF73C4BE-2E66-484B-BD5D-19E4F727AF0D}"
EndProject
Project("{9A19103F-16F7-4668-BE54-9A1E7A4F7556}") = "Crystal.PInvoke.WinBio", "PInvoke\WinBio\Crystal.PInvoke.WinBio.csproj", "{49EB1C1C-9E8A-45E2-81EC-472297941C80}"
EndProject
Project("{9A19103F-16F7-4668-BE54-9A1E7A4F7556}") = "Crystal.PInvoke.WinINet", "PInvoke\WinINet\Crystal.PInvoke.WinINet.csproj", "{16D87114-29CB-4F8A-A4A8-8322D37B9A01}"
EndProject
Project("{9A19103F-16F7-4668-BE54-9A1E7A4F7556}") = "Crystal.PInvoke.WinTrust", "PInvoke\WinTrust\Crystal.PInvoke.WinTrust.csproj", "{BAA1E579-43B3-4972-B755-23084EEBE6DE}"
EndProject
Project("{9A19103F-16F7-4668-BE54-9A1E7A4F7556}") = "Crystal.PInvoke.WlanApi", "PInvoke\WlanApi\Crystal.PInvoke.WlanApi.csproj", "{556729F2-C013-4D25-978B-D821C1C3452F}"
EndProject
Project("{9A19103F-16F7-4668-BE54-9A1E7A4F7556}") = "Crystal.PInvoke.WsmSvc", "PInvoke\WsmSvc\Crystal.PInvoke.WsmSvc.csproj", "{6C505725-732C-44AE-99DD-16E74C9EAB3F}"
EndProject
Project("{9A19103F-16F7-4668-BE54-9A1E7A4F7556}") = "Crystal.PInvoke.WTSApi32", "PInvoke\WTSApi32\Crystal.PInvoke.WTSApi32.csproj", "{ADE7A824-DA4C-44DB-99F2-DE95A58ADC02}"
EndProject
Project("{9A19103F-16F7-4668-BE54-9A1E7A4F7556}") = "Crystal.PInvoke.FirewallApi", "PInvoke\FirewallApi\Crystal.PInvoke.FirewallApi.csproj", "{B2F2C652-892C-4746-8F61-286AB938A005}"
EndProject
Project("{9A19103F-16F7-4668-BE54-9A1E7A4F7556}") = "Crystal.PInvoke.FunDisc", "PInvoke\FunDisc\Crystal.PInvoke.FunDisc.csproj", "{A1C5DE9A-BF6B-4713-B6A1-49B1A633B824}"
EndProject
Project("{9A19103F-16F7-4668-BE54-9A1E7A4F7556}") = "Crystal.PInvoke.Graphics", "PInvoke\Graphics\Crystal.PInvoke.Graphics.csproj", "{193297BB-AC86-4AA8-8542-7794B94DF53A}"
EndProject
Project("{9A19103F-16F7-4668-BE54-9A1E7A4F7556}") = "Crystal.PInvoke.IMAPI", "PInvoke\IMAPI\Crystal.PInvoke.IMAPI.csproj", "{C6150C7A-9098-4256-B44B-F9717D83C9BB}"
EndProject
Project("{9A19103F-16F7-4668-BE54-9A1E7A4F7556}") = "Crystal.PInvoke.IpHlpApi", "PInvoke\IpHlpApi\Crystal.PInvoke.IpHlpApi.csproj", "{41199FAA-0C31-48EC-9089-2CD706D1EAB6}"
EndProject
Project("{9A19103F-16F7-4668-BE54-9A1E7A4F7556}") = "Crystal.PInvoke.IScsiDsc", "PInvoke\IScsiDsc\Crystal.PInvoke.IScsiDsc.csproj", "{9EDD7C12-E60C-4B5B-B8A5-D51C07CB757E}"
EndProject
Project("{9A19103F-16F7-4668-BE54-9A1E7A4F7556}") = "Crystal.PInvoke.KtmW32", "PInvoke\KtmW32\Crystal.PInvoke.KtmW32.csproj", "{9BE49992-76D7-4607-9B45-6F7A6D7C1024}"
EndProject
Project("{9A19103F-16F7-4668-BE54-9A1E7A4F7556}") = "Crystal.PInvoke.Lz32", "PInvoke\Lz32\Crystal.PInvoke.Lz32.csproj", "{516CD46C-3BCC-4027-AA2D-99AC6F1BD504}"
EndProject
Project("{9A19103F-16F7-4668-BE54-9A1E7A4F7556}") = "Crystal.PInvoke.Magnification", "PInvoke\Magnification\Crystal.PInvoke.Magnification.csproj", "{1AD181B4-CC95-4959-917E-5FEAEF747F52}"
EndProject
Project("{9A19103F-16F7-4668-BE54-9A1E7A4F7556}") = "Crystal.PInvoke.Mpr", "PInvoke\Mpr\Crystal.PInvoke.Mpr.csproj", "{343F79FE-E21C-41DB-A228-2819E1B41B3E}"
EndProject
Project("{9A19103F-16F7-4668-BE54-9A1E7A4F7556}") = "Crystal.PInvoke.Msi", "PInvoke\Msi\Crystal.PInvoke.Msi.csproj", "{C859D3C0-510C-45AA-8DC0-6E247AFEF7E3}"
EndProject
Project("{9A19103F-16F7-4668-BE54-9A1E7A4F7556}") = "Crystal.PInvoke.Multimedia", "PInvoke\Multimedia\Crystal.PInvoke.Multimedia.csproj", "{2683909D-0B26-493A-AFFC-861B1238D07E}"
EndProject
Project("{9A19103F-16F7-4668-BE54-9A1E7A4F7556}") = "Crystal.PInvoke.NetApi32", "PInvoke\NetApi32\Crystal.PInvoke.NetApi32.csproj", "{A42CBE37-357A-48CF-AD16-19EC066AC6E7}"
EndProject
Project("{9A19103F-16F7-4668-BE54-9A1E7A4F7556}") = "Crystal.PInvoke.NetListMgr", "PInvoke\NetListMgr\Crystal.PInvoke.NetListMgr.csproj", "{E9348C48-9D1D-4C68-8A37-9F52CF42C8DB}"
EndProject
Project("{9A19103F-16F7-4668-BE54-9A1E7A4F7556}") = "Crystal.PInvoke.NewDev", "PInvoke\NewDev\Crystal.PInvoke.NewDev.csproj", "{D33EB5DD-D9BA-4926-B5FC-B3DF98F0A5F9}"
EndProject
Project("{9A19103F-16F7-4668-BE54-9A1E7A4F7556}") = "Crystal.PInvoke.NtDll", "PInvoke\NtDll\Crystal.PInvoke.NtDll.csproj", "{1729DE52-FDD0-4EA7-AD6A-6B4F318E7358}"
EndProject
Project("{9A19103F-16F7-4668-BE54-9A1E7A4F7556}") = "Crystal.PInvoke.Opc", "PInvoke\Opc\Crystal.PInvoke.Opc.csproj", "{8C65BF32-675C-44AD-A889-6B48608ED88F}"
EndProject
Project("{9A19103F-16F7-4668-BE54-9A1E7A4F7556}") = "Crystal.PInvoke.P2P", "PInvoke\P2P\Crystal.PInvoke.P2P.csproj", "{263519DD-7FC4-47D1-9288-5F3F7458F45C}"
EndProject
Project("{9A19103F-16F7-4668-BE54-9A1E7A4F7556}") = "Crystal.PInvoke.Pdh", "PInvoke\Pdh\Crystal.PInvoke.Pdh.csproj", "{DC949D9D-943D-4BCD-93CC-FEE80ADA5762}"
EndProject
Project("{9A19103F-16F7-4668-BE54-9A1E7A4F7556}") = "Crystal.PInvoke.PeerDist", "PInvoke\PeerDist\Crystal.PInvoke.PeerDist.csproj", "{2944B948-C2C3-48E7-8AC6-6D28C371FA47}"
EndProject
Project("{9A19103F-16F7-4668-BE54-9A1E7A4F7556}") = "Crystal.PInvoke.PowrProf", "PInvoke\PowrProf\Crystal.PInvoke.PowrProf.csproj", "{499FE71F-2851-46FF-AACB-E2A557A7C888}"
EndProject
Project("{9A19103F-16F7-4668-BE54-9A1E7A4F7556}") = "Crystal.PInvoke.Printing", "PInvoke\Printing\Crystal.PInvoke.Printing.csproj", "{5277250D-035F-4B68-8324-EED51980DE41}"
EndProject
Project("{9A19103F-16F7-4668-BE54-9A1E7A4F7556}") = "Crystal.PInvoke.ProjectedFSLib", "PInvoke\ProjectedFSLib\Crystal.PInvoke.ProjectedFSLib.csproj", "{0DD39C66-1C1A-4B7E-905D-8D216F9FF758}"
EndProject
Project("{9A19103F-16F7-4668-BE54-9A1E7A4F7556}") = "Crystal.PInvoke.RstrtMgr", "PInvoke\RstrtMgr\Crystal.PInvoke.RstrtMgr.csproj", "{30801978-CF80-4C5A-A351-BDB9C2566C19}"
EndProject
Project("{9A19103F-16F7-4668-BE54-9A1E7A4F7556}") = "Crystal.PInvoke.SearchApi", "PInvoke\SearchApi\Crystal.PInvoke.SearchApi.csproj", "{909F98BC-7FAD-4993-8768-09C52EDE5414}"
EndProject
Project("{9A19103F-16F7-4668-BE54-9A1E7A4F7556}") = "Crystal.PInvoke.SHCore", "PInvoke\SHCore\Crystal.PInvoke.SHCore.csproj", "{C9AF1606-CCE5-4020-A2A4-5DF2759B0702}"
EndProject
Project("{9A19103F-16F7-4668-BE54-9A1E7A4F7556}") = "Crystal.PInvoke.UrlMon", "PInvoke\UrlMon\Crystal.PInvoke.UrlMon.csproj", "{BCED878D-F2A4-41F5-927D-3F9E9811553D}"
EndProject
Project("{9A19103F-16F7-4668-BE54-9A1E7A4F7556}") = "Crystal.SystemServices", "Crystal.SystemServices\Crystal.SystemServices.csproj", "{AEDC0A0E-AB3C-410F-861C-513B8C6B4A1F}"
EndProject
Project("{9A19103F-16F7-4668-BE54-9A1E7A4F7556}") = "Crystal.VirtualDisk", "Crystal.VirtualDisk\Crystal.VirtualDisk.csproj", "{C1B275E0-5167-4DA9-82CC-D08D22C514D1}"
EndProject
Global
	GlobalSection(SolutionConfigurationPlatforms) = preSolution
		Debug|Any CPU = Debug|Any CPU
		Debug|x64 = Debug|x64
		Debug|x86 = Debug|x86
		Release|Any CPU = Release|Any CPU
		Release|x64 = Release|x64
		Release|x86 = Release|x86
	EndGlobalSection
	GlobalSection(ProjectConfigurationPlatforms) = postSolution
		{E336D77A-AEC9-4529-935A-CE96367B5A99}.Debug|Any CPU.ActiveCfg = Debug|Any CPU
		{E336D77A-AEC9-4529-935A-CE96367B5A99}.Debug|Any CPU.Build.0 = Debug|Any CPU
		{E336D77A-AEC9-4529-935A-CE96367B5A99}.Debug|x64.ActiveCfg = Debug|Any CPU
		{E336D77A-AEC9-4529-935A-CE96367B5A99}.Debug|x64.Build.0 = Debug|Any CPU
		{E336D77A-AEC9-4529-935A-CE96367B5A99}.Debug|x86.ActiveCfg = Debug|Any CPU
		{E336D77A-AEC9-4529-935A-CE96367B5A99}.Debug|x86.Build.0 = Debug|Any CPU
		{E336D77A-AEC9-4529-935A-CE96367B5A99}.Release|Any CPU.ActiveCfg = Release|Any CPU
		{E336D77A-AEC9-4529-935A-CE96367B5A99}.Release|Any CPU.Build.0 = Release|Any CPU
		{E336D77A-AEC9-4529-935A-CE96367B5A99}.Release|x64.ActiveCfg = Release|Any CPU
		{E336D77A-AEC9-4529-935A-CE96367B5A99}.Release|x64.Build.0 = Release|Any CPU
		{E336D77A-AEC9-4529-935A-CE96367B5A99}.Release|x86.ActiveCfg = Release|Any CPU
		{E336D77A-AEC9-4529-935A-CE96367B5A99}.Release|x86.Build.0 = Release|Any CPU
		{6EF5CA3E-5313-4CAB-9B69-2752FCE5871D}.Debug|Any CPU.ActiveCfg = Debug|Any CPU
		{6EF5CA3E-5313-4CAB-9B69-2752FCE5871D}.Debug|Any CPU.Build.0 = Debug|Any CPU
		{6EF5CA3E-5313-4CAB-9B69-2752FCE5871D}.Debug|x64.ActiveCfg = Debug|Any CPU
		{6EF5CA3E-5313-4CAB-9B69-2752FCE5871D}.Debug|x64.Build.0 = Debug|Any CPU
		{6EF5CA3E-5313-4CAB-9B69-2752FCE5871D}.Debug|x86.ActiveCfg = Debug|Any CPU
		{6EF5CA3E-5313-4CAB-9B69-2752FCE5871D}.Debug|x86.Build.0 = Debug|Any CPU
		{6EF5CA3E-5313-4CAB-9B69-2752FCE5871D}.Release|Any CPU.ActiveCfg = Release|Any CPU
		{6EF5CA3E-5313-4CAB-9B69-2752FCE5871D}.Release|Any CPU.Build.0 = Release|Any CPU
		{6EF5CA3E-5313-4CAB-9B69-2752FCE5871D}.Release|x64.ActiveCfg = Release|Any CPU
		{6EF5CA3E-5313-4CAB-9B69-2752FCE5871D}.Release|x64.Build.0 = Release|Any CPU
		{6EF5CA3E-5313-4CAB-9B69-2752FCE5871D}.Release|x86.ActiveCfg = Release|Any CPU
		{6EF5CA3E-5313-4CAB-9B69-2752FCE5871D}.Release|x86.Build.0 = Release|Any CPU
		{FD7DD098-05CC-4233-8A4A-169397310250}.Debug|Any CPU.ActiveCfg = Debug|Any CPU
		{FD7DD098-05CC-4233-8A4A-169397310250}.Debug|Any CPU.Build.0 = Debug|Any CPU
		{FD7DD098-05CC-4233-8A4A-169397310250}.Debug|x64.ActiveCfg = Debug|Any CPU
		{FD7DD098-05CC-4233-8A4A-169397310250}.Debug|x64.Build.0 = Debug|Any CPU
		{FD7DD098-05CC-4233-8A4A-169397310250}.Debug|x86.ActiveCfg = Debug|Any CPU
		{FD7DD098-05CC-4233-8A4A-169397310250}.Debug|x86.Build.0 = Debug|Any CPU
		{FD7DD098-05CC-4233-8A4A-169397310250}.Release|Any CPU.ActiveCfg = Release|Any CPU
		{FD7DD098-05CC-4233-8A4A-169397310250}.Release|Any CPU.Build.0 = Release|Any CPU
		{FD7DD098-05CC-4233-8A4A-169397310250}.Release|x64.ActiveCfg = Release|Any CPU
		{FD7DD098-05CC-4233-8A4A-169397310250}.Release|x64.Build.0 = Release|Any CPU
		{FD7DD098-05CC-4233-8A4A-169397310250}.Release|x86.ActiveCfg = Release|Any CPU
		{FD7DD098-05CC-4233-8A4A-169397310250}.Release|x86.Build.0 = Release|Any CPU
		{598A8CCD-D556-4829-9645-5B87CA95017E}.Debug|Any CPU.ActiveCfg = Debug|Any CPU
		{598A8CCD-D556-4829-9645-5B87CA95017E}.Debug|Any CPU.Build.0 = Debug|Any CPU
		{598A8CCD-D556-4829-9645-5B87CA95017E}.Debug|x64.ActiveCfg = Debug|Any CPU
		{598A8CCD-D556-4829-9645-5B87CA95017E}.Debug|x64.Build.0 = Debug|Any CPU
		{598A8CCD-D556-4829-9645-5B87CA95017E}.Debug|x86.ActiveCfg = Debug|Any CPU
		{598A8CCD-D556-4829-9645-5B87CA95017E}.Debug|x86.Build.0 = Debug|Any CPU
		{598A8CCD-D556-4829-9645-5B87CA95017E}.Release|Any CPU.ActiveCfg = Release|Any CPU
		{598A8CCD-D556-4829-9645-5B87CA95017E}.Release|Any CPU.Build.0 = Release|Any CPU
		{598A8CCD-D556-4829-9645-5B87CA95017E}.Release|x64.ActiveCfg = Release|Any CPU
		{598A8CCD-D556-4829-9645-5B87CA95017E}.Release|x64.Build.0 = Release|Any CPU
		{598A8CCD-D556-4829-9645-5B87CA95017E}.Release|x86.ActiveCfg = Release|Any CPU
		{598A8CCD-D556-4829-9645-5B87CA95017E}.Release|x86.Build.0 = Release|Any CPU
		{ACCF3430-1EC3-4014-A476-6D74DEB9D4E2}.Debug|Any CPU.ActiveCfg = Debug|Any CPU
		{ACCF3430-1EC3-4014-A476-6D74DEB9D4E2}.Debug|Any CPU.Build.0 = Debug|Any CPU
		{ACCF3430-1EC3-4014-A476-6D74DEB9D4E2}.Debug|x64.ActiveCfg = Debug|Any CPU
		{ACCF3430-1EC3-4014-A476-6D74DEB9D4E2}.Debug|x64.Build.0 = Debug|Any CPU
		{ACCF3430-1EC3-4014-A476-6D74DEB9D4E2}.Debug|x86.ActiveCfg = Debug|Any CPU
		{ACCF3430-1EC3-4014-A476-6D74DEB9D4E2}.Debug|x86.Build.0 = Debug|Any CPU
		{ACCF3430-1EC3-4014-A476-6D74DEB9D4E2}.Release|Any CPU.ActiveCfg = Release|Any CPU
		{ACCF3430-1EC3-4014-A476-6D74DEB9D4E2}.Release|Any CPU.Build.0 = Release|Any CPU
		{ACCF3430-1EC3-4014-A476-6D74DEB9D4E2}.Release|x64.ActiveCfg = Release|Any CPU
		{ACCF3430-1EC3-4014-A476-6D74DEB9D4E2}.Release|x64.Build.0 = Release|Any CPU
		{ACCF3430-1EC3-4014-A476-6D74DEB9D4E2}.Release|x86.ActiveCfg = Release|Any CPU
		{ACCF3430-1EC3-4014-A476-6D74DEB9D4E2}.Release|x86.Build.0 = Release|Any CPU
		{B5E88DB4-1158-4B84-A6F5-07C10D7E091B}.Debug|Any CPU.ActiveCfg = Debug|Any CPU
		{B5E88DB4-1158-4B84-A6F5-07C10D7E091B}.Debug|Any CPU.Build.0 = Debug|Any CPU
		{B5E88DB4-1158-4B84-A6F5-07C10D7E091B}.Debug|x64.ActiveCfg = Debug|Any CPU
		{B5E88DB4-1158-4B84-A6F5-07C10D7E091B}.Debug|x64.Build.0 = Debug|Any CPU
		{B5E88DB4-1158-4B84-A6F5-07C10D7E091B}.Debug|x86.ActiveCfg = Debug|Any CPU
		{B5E88DB4-1158-4B84-A6F5-07C10D7E091B}.Debug|x86.Build.0 = Debug|Any CPU
		{B5E88DB4-1158-4B84-A6F5-07C10D7E091B}.Release|Any CPU.ActiveCfg = Release|Any CPU
		{B5E88DB4-1158-4B84-A6F5-07C10D7E091B}.Release|Any CPU.Build.0 = Release|Any CPU
		{B5E88DB4-1158-4B84-A6F5-07C10D7E091B}.Release|x64.ActiveCfg = Release|Any CPU
		{B5E88DB4-1158-4B84-A6F5-07C10D7E091B}.Release|x64.Build.0 = Release|Any CPU
		{B5E88DB4-1158-4B84-A6F5-07C10D7E091B}.Release|x86.ActiveCfg = Release|Any CPU
		{B5E88DB4-1158-4B84-A6F5-07C10D7E091B}.Release|x86.Build.0 = Release|Any CPU
		{1CA12EC6-B76E-436D-B094-6031D77C1008}.Debug|Any CPU.ActiveCfg = Debug|Any CPU
		{1CA12EC6-B76E-436D-B094-6031D77C1008}.Debug|Any CPU.Build.0 = Debug|Any CPU
		{1CA12EC6-B76E-436D-B094-6031D77C1008}.Debug|x64.ActiveCfg = Debug|Any CPU
		{1CA12EC6-B76E-436D-B094-6031D77C1008}.Debug|x64.Build.0 = Debug|Any CPU
		{1CA12EC6-B76E-436D-B094-6031D77C1008}.Debug|x86.ActiveCfg = Debug|Any CPU
		{1CA12EC6-B76E-436D-B094-6031D77C1008}.Debug|x86.Build.0 = Debug|Any CPU
		{1CA12EC6-B76E-436D-B094-6031D77C1008}.Release|Any CPU.ActiveCfg = Release|Any CPU
		{1CA12EC6-B76E-436D-B094-6031D77C1008}.Release|Any CPU.Build.0 = Release|Any CPU
		{1CA12EC6-B76E-436D-B094-6031D77C1008}.Release|x64.ActiveCfg = Release|Any CPU
		{1CA12EC6-B76E-436D-B094-6031D77C1008}.Release|x64.Build.0 = Release|Any CPU
		{1CA12EC6-B76E-436D-B094-6031D77C1008}.Release|x86.ActiveCfg = Release|Any CPU
		{1CA12EC6-B76E-436D-B094-6031D77C1008}.Release|x86.Build.0 = Release|Any CPU
		{FADE7DD8-E362-4CC6-A184-A50B94BB24E8}.Debug|Any CPU.ActiveCfg = Debug|Any CPU
		{FADE7DD8-E362-4CC6-A184-A50B94BB24E8}.Debug|Any CPU.Build.0 = Debug|Any CPU
		{FADE7DD8-E362-4CC6-A184-A50B94BB24E8}.Debug|x64.ActiveCfg = Debug|Any CPU
		{FADE7DD8-E362-4CC6-A184-A50B94BB24E8}.Debug|x64.Build.0 = Debug|Any CPU
		{FADE7DD8-E362-4CC6-A184-A50B94BB24E8}.Debug|x86.ActiveCfg = Debug|Any CPU
		{FADE7DD8-E362-4CC6-A184-A50B94BB24E8}.Debug|x86.Build.0 = Debug|Any CPU
		{FADE7DD8-E362-4CC6-A184-A50B94BB24E8}.Release|Any CPU.ActiveCfg = Release|Any CPU
		{FADE7DD8-E362-4CC6-A184-A50B94BB24E8}.Release|Any CPU.Build.0 = Release|Any CPU
		{FADE7DD8-E362-4CC6-A184-A50B94BB24E8}.Release|x64.ActiveCfg = Release|Any CPU
		{FADE7DD8-E362-4CC6-A184-A50B94BB24E8}.Release|x64.Build.0 = Release|Any CPU
		{FADE7DD8-E362-4CC6-A184-A50B94BB24E8}.Release|x86.ActiveCfg = Release|Any CPU
		{FADE7DD8-E362-4CC6-A184-A50B94BB24E8}.Release|x86.Build.0 = Release|Any CPU
		{F36A68F2-2D24-4BBA-B82A-D4338FB5A6BD}.Debug|Any CPU.ActiveCfg = Debug|Any CPU
		{F36A68F2-2D24-4BBA-B82A-D4338FB5A6BD}.Debug|Any CPU.Build.0 = Debug|Any CPU
		{F36A68F2-2D24-4BBA-B82A-D4338FB5A6BD}.Debug|x64.ActiveCfg = Debug|Any CPU
		{F36A68F2-2D24-4BBA-B82A-D4338FB5A6BD}.Debug|x64.Build.0 = Debug|Any CPU
		{F36A68F2-2D24-4BBA-B82A-D4338FB5A6BD}.Debug|x86.ActiveCfg = Debug|Any CPU
		{F36A68F2-2D24-4BBA-B82A-D4338FB5A6BD}.Debug|x86.Build.0 = Debug|Any CPU
		{F36A68F2-2D24-4BBA-B82A-D4338FB5A6BD}.Release|Any CPU.ActiveCfg = Release|Any CPU
		{F36A68F2-2D24-4BBA-B82A-D4338FB5A6BD}.Release|Any CPU.Build.0 = Release|Any CPU
		{F36A68F2-2D24-4BBA-B82A-D4338FB5A6BD}.Release|x64.ActiveCfg = Release|Any CPU
		{F36A68F2-2D24-4BBA-B82A-D4338FB5A6BD}.Release|x64.Build.0 = Release|Any CPU
		{F36A68F2-2D24-4BBA-B82A-D4338FB5A6BD}.Release|x86.ActiveCfg = Release|Any CPU
		{F36A68F2-2D24-4BBA-B82A-D4338FB5A6BD}.Release|x86.Build.0 = Release|Any CPU
		{65DFEA9B-C932-44A1-97B1-514753568B0D}.Debug|Any CPU.ActiveCfg = Debug|Any CPU
		{65DFEA9B-C932-44A1-97B1-514753568B0D}.Debug|Any CPU.Build.0 = Debug|Any CPU
		{65DFEA9B-C932-44A1-97B1-514753568B0D}.Debug|x64.ActiveCfg = Debug|Any CPU
		{65DFEA9B-C932-44A1-97B1-514753568B0D}.Debug|x64.Build.0 = Debug|Any CPU
		{65DFEA9B-C932-44A1-97B1-514753568B0D}.Debug|x86.ActiveCfg = Debug|Any CPU
		{65DFEA9B-C932-44A1-97B1-514753568B0D}.Debug|x86.Build.0 = Debug|Any CPU
		{65DFEA9B-C932-44A1-97B1-514753568B0D}.Release|Any CPU.ActiveCfg = Release|Any CPU
		{65DFEA9B-C932-44A1-97B1-514753568B0D}.Release|Any CPU.Build.0 = Release|Any CPU
		{65DFEA9B-C932-44A1-97B1-514753568B0D}.Release|x64.ActiveCfg = Release|Any CPU
		{65DFEA9B-C932-44A1-97B1-514753568B0D}.Release|x64.Build.0 = Release|Any CPU
		{65DFEA9B-C932-44A1-97B1-514753568B0D}.Release|x86.ActiveCfg = Release|Any CPU
		{65DFEA9B-C932-44A1-97B1-514753568B0D}.Release|x86.Build.0 = Release|Any CPU
		{3DD1D7A1-B5A3-46CC-A11A-D8A9B360942A}.Debug|Any CPU.ActiveCfg = Debug|Any CPU
		{3DD1D7A1-B5A3-46CC-A11A-D8A9B360942A}.Debug|Any CPU.Build.0 = Debug|Any CPU
		{3DD1D7A1-B5A3-46CC-A11A-D8A9B360942A}.Debug|x64.ActiveCfg = Debug|Any CPU
		{3DD1D7A1-B5A3-46CC-A11A-D8A9B360942A}.Debug|x64.Build.0 = Debug|Any CPU
		{3DD1D7A1-B5A3-46CC-A11A-D8A9B360942A}.Debug|x86.ActiveCfg = Debug|Any CPU
		{3DD1D7A1-B5A3-46CC-A11A-D8A9B360942A}.Debug|x86.Build.0 = Debug|Any CPU
		{3DD1D7A1-B5A3-46CC-A11A-D8A9B360942A}.Release|Any CPU.ActiveCfg = Release|Any CPU
		{3DD1D7A1-B5A3-46CC-A11A-D8A9B360942A}.Release|Any CPU.Build.0 = Release|Any CPU
		{3DD1D7A1-B5A3-46CC-A11A-D8A9B360942A}.Release|x64.ActiveCfg = Release|Any CPU
		{3DD1D7A1-B5A3-46CC-A11A-D8A9B360942A}.Release|x64.Build.0 = Release|Any CPU
		{3DD1D7A1-B5A3-46CC-A11A-D8A9B360942A}.Release|x86.ActiveCfg = Release|Any CPU
		{3DD1D7A1-B5A3-46CC-A11A-D8A9B360942A}.Release|x86.Build.0 = Release|Any CPU
		{8AC71CBD-3258-4EA5-8E68-2040C131D4BE}.Debug|Any CPU.ActiveCfg = Debug|Any CPU
		{8AC71CBD-3258-4EA5-8E68-2040C131D4BE}.Debug|Any CPU.Build.0 = Debug|Any CPU
		{8AC71CBD-3258-4EA5-8E68-2040C131D4BE}.Debug|x64.ActiveCfg = Debug|Any CPU
		{8AC71CBD-3258-4EA5-8E68-2040C131D4BE}.Debug|x64.Build.0 = Debug|Any CPU
		{8AC71CBD-3258-4EA5-8E68-2040C131D4BE}.Debug|x86.ActiveCfg = Debug|Any CPU
		{8AC71CBD-3258-4EA5-8E68-2040C131D4BE}.Debug|x86.Build.0 = Debug|Any CPU
		{8AC71CBD-3258-4EA5-8E68-2040C131D4BE}.Release|Any CPU.ActiveCfg = Release|Any CPU
		{8AC71CBD-3258-4EA5-8E68-2040C131D4BE}.Release|Any CPU.Build.0 = Release|Any CPU
		{8AC71CBD-3258-4EA5-8E68-2040C131D4BE}.Release|x64.ActiveCfg = Release|Any CPU
		{8AC71CBD-3258-4EA5-8E68-2040C131D4BE}.Release|x64.Build.0 = Release|Any CPU
		{8AC71CBD-3258-4EA5-8E68-2040C131D4BE}.Release|x86.ActiveCfg = Release|Any CPU
		{8AC71CBD-3258-4EA5-8E68-2040C131D4BE}.Release|x86.Build.0 = Release|Any CPU
		{A152B3F4-3804-4821-8057-AE216FCB1AF9}.Debug|Any CPU.ActiveCfg = Debug|Any CPU
		{A152B3F4-3804-4821-8057-AE216FCB1AF9}.Debug|Any CPU.Build.0 = Debug|Any CPU
		{A152B3F4-3804-4821-8057-AE216FCB1AF9}.Debug|x64.ActiveCfg = Debug|Any CPU
		{A152B3F4-3804-4821-8057-AE216FCB1AF9}.Debug|x64.Build.0 = Debug|Any CPU
		{A152B3F4-3804-4821-8057-AE216FCB1AF9}.Debug|x86.ActiveCfg = Debug|Any CPU
		{A152B3F4-3804-4821-8057-AE216FCB1AF9}.Debug|x86.Build.0 = Debug|Any CPU
		{A152B3F4-3804-4821-8057-AE216FCB1AF9}.Release|Any CPU.ActiveCfg = Release|Any CPU
		{A152B3F4-3804-4821-8057-AE216FCB1AF9}.Release|Any CPU.Build.0 = Release|Any CPU
		{A152B3F4-3804-4821-8057-AE216FCB1AF9}.Release|x64.ActiveCfg = Release|Any CPU
		{A152B3F4-3804-4821-8057-AE216FCB1AF9}.Release|x64.Build.0 = Release|Any CPU
		{A152B3F4-3804-4821-8057-AE216FCB1AF9}.Release|x86.ActiveCfg = Release|Any CPU
		{A152B3F4-3804-4821-8057-AE216FCB1AF9}.Release|x86.Build.0 = Release|Any CPU
		{3A10A7A8-C9A0-423B-B001-2DF1CEC94169}.Debug|Any CPU.ActiveCfg = Debug|Any CPU
		{3A10A7A8-C9A0-423B-B001-2DF1CEC94169}.Debug|Any CPU.Build.0 = Debug|Any CPU
		{3A10A7A8-C9A0-423B-B001-2DF1CEC94169}.Debug|x64.ActiveCfg = Debug|Any CPU
		{3A10A7A8-C9A0-423B-B001-2DF1CEC94169}.Debug|x64.Build.0 = Debug|Any CPU
		{3A10A7A8-C9A0-423B-B001-2DF1CEC94169}.Debug|x86.ActiveCfg = Debug|Any CPU
		{3A10A7A8-C9A0-423B-B001-2DF1CEC94169}.Debug|x86.Build.0 = Debug|Any CPU
		{3A10A7A8-C9A0-423B-B001-2DF1CEC94169}.Release|Any CPU.ActiveCfg = Release|Any CPU
		{3A10A7A8-C9A0-423B-B001-2DF1CEC94169}.Release|Any CPU.Build.0 = Release|Any CPU
		{3A10A7A8-C9A0-423B-B001-2DF1CEC94169}.Release|x64.ActiveCfg = Release|Any CPU
		{3A10A7A8-C9A0-423B-B001-2DF1CEC94169}.Release|x64.Build.0 = Release|Any CPU
		{3A10A7A8-C9A0-423B-B001-2DF1CEC94169}.Release|x86.ActiveCfg = Release|Any CPU
		{3A10A7A8-C9A0-423B-B001-2DF1CEC94169}.Release|x86.Build.0 = Release|Any CPU
		{1459D915-140E-4CFA-8AFF-25A4B681D8D2}.Debug|Any CPU.ActiveCfg = Debug|Any CPU
		{1459D915-140E-4CFA-8AFF-25A4B681D8D2}.Debug|Any CPU.Build.0 = Debug|Any CPU
		{1459D915-140E-4CFA-8AFF-25A4B681D8D2}.Debug|x64.ActiveCfg = Debug|Any CPU
		{1459D915-140E-4CFA-8AFF-25A4B681D8D2}.Debug|x64.Build.0 = Debug|Any CPU
		{1459D915-140E-4CFA-8AFF-25A4B681D8D2}.Debug|x86.ActiveCfg = Debug|Any CPU
		{1459D915-140E-4CFA-8AFF-25A4B681D8D2}.Debug|x86.Build.0 = Debug|Any CPU
		{1459D915-140E-4CFA-8AFF-25A4B681D8D2}.Release|Any CPU.ActiveCfg = Release|Any CPU
		{1459D915-140E-4CFA-8AFF-25A4B681D8D2}.Release|Any CPU.Build.0 = Release|Any CPU
		{1459D915-140E-4CFA-8AFF-25A4B681D8D2}.Release|x64.ActiveCfg = Release|Any CPU
		{1459D915-140E-4CFA-8AFF-25A4B681D8D2}.Release|x64.Build.0 = Release|Any CPU
		{1459D915-140E-4CFA-8AFF-25A4B681D8D2}.Release|x86.ActiveCfg = Release|Any CPU
		{1459D915-140E-4CFA-8AFF-25A4B681D8D2}.Release|x86.Build.0 = Release|Any CPU
		{43A25D62-BFF6-4275-AA01-8E6E7378EADD}.Debug|Any CPU.ActiveCfg = Debug|Any CPU
		{43A25D62-BFF6-4275-AA01-8E6E7378EADD}.Debug|Any CPU.Build.0 = Debug|Any CPU
		{43A25D62-BFF6-4275-AA01-8E6E7378EADD}.Debug|x64.ActiveCfg = Debug|Any CPU
		{43A25D62-BFF6-4275-AA01-8E6E7378EADD}.Debug|x64.Build.0 = Debug|Any CPU
		{43A25D62-BFF6-4275-AA01-8E6E7378EADD}.Debug|x86.ActiveCfg = Debug|Any CPU
		{43A25D62-BFF6-4275-AA01-8E6E7378EADD}.Debug|x86.Build.0 = Debug|Any CPU
		{43A25D62-BFF6-4275-AA01-8E6E7378EADD}.Release|Any CPU.ActiveCfg = Release|Any CPU
		{43A25D62-BFF6-4275-AA01-8E6E7378EADD}.Release|Any CPU.Build.0 = Release|Any CPU
		{43A25D62-BFF6-4275-AA01-8E6E7378EADD}.Release|x64.ActiveCfg = Release|Any CPU
		{43A25D62-BFF6-4275-AA01-8E6E7378EADD}.Release|x64.Build.0 = Release|Any CPU
		{43A25D62-BFF6-4275-AA01-8E6E7378EADD}.Release|x86.ActiveCfg = Release|Any CPU
		{43A25D62-BFF6-4275-AA01-8E6E7378EADD}.Release|x86.Build.0 = Release|Any CPU
		{B74C1AC2-092F-4639-9C7B-7D7EB8EA0B65}.Debug|Any CPU.ActiveCfg = Debug|Any CPU
		{B74C1AC2-092F-4639-9C7B-7D7EB8EA0B65}.Debug|Any CPU.Build.0 = Debug|Any CPU
		{B74C1AC2-092F-4639-9C7B-7D7EB8EA0B65}.Debug|x64.ActiveCfg = Debug|Any CPU
		{B74C1AC2-092F-4639-9C7B-7D7EB8EA0B65}.Debug|x64.Build.0 = Debug|Any CPU
		{B74C1AC2-092F-4639-9C7B-7D7EB8EA0B65}.Debug|x86.ActiveCfg = Debug|Any CPU
		{B74C1AC2-092F-4639-9C7B-7D7EB8EA0B65}.Debug|x86.Build.0 = Debug|Any CPU
		{B74C1AC2-092F-4639-9C7B-7D7EB8EA0B65}.Release|Any CPU.ActiveCfg = Release|Any CPU
		{B74C1AC2-092F-4639-9C7B-7D7EB8EA0B65}.Release|Any CPU.Build.0 = Release|Any CPU
		{B74C1AC2-092F-4639-9C7B-7D7EB8EA0B65}.Release|x64.ActiveCfg = Release|Any CPU
		{B74C1AC2-092F-4639-9C7B-7D7EB8EA0B65}.Release|x64.Build.0 = Release|Any CPU
		{B74C1AC2-092F-4639-9C7B-7D7EB8EA0B65}.Release|x86.ActiveCfg = Release|Any CPU
		{B74C1AC2-092F-4639-9C7B-7D7EB8EA0B65}.Release|x86.Build.0 = Release|Any CPU
		{2575FF40-C53D-4631-92FD-49AF38E96B81}.Debug|Any CPU.ActiveCfg = Debug|Any CPU
		{2575FF40-C53D-4631-92FD-49AF38E96B81}.Debug|Any CPU.Build.0 = Debug|Any CPU
		{2575FF40-C53D-4631-92FD-49AF38E96B81}.Debug|x64.ActiveCfg = Debug|Any CPU
		{2575FF40-C53D-4631-92FD-49AF38E96B81}.Debug|x64.Build.0 = Debug|Any CPU
		{2575FF40-C53D-4631-92FD-49AF38E96B81}.Debug|x86.ActiveCfg = Debug|Any CPU
		{2575FF40-C53D-4631-92FD-49AF38E96B81}.Debug|x86.Build.0 = Debug|Any CPU
		{2575FF40-C53D-4631-92FD-49AF38E96B81}.Release|Any CPU.ActiveCfg = Release|Any CPU
		{2575FF40-C53D-4631-92FD-49AF38E96B81}.Release|Any CPU.Build.0 = Release|Any CPU
		{2575FF40-C53D-4631-92FD-49AF38E96B81}.Release|x64.ActiveCfg = Release|Any CPU
		{2575FF40-C53D-4631-92FD-49AF38E96B81}.Release|x64.Build.0 = Release|Any CPU
		{2575FF40-C53D-4631-92FD-49AF38E96B81}.Release|x86.ActiveCfg = Release|Any CPU
		{2575FF40-C53D-4631-92FD-49AF38E96B81}.Release|x86.Build.0 = Release|Any CPU
		{D8E7644E-F268-450A-8264-41AA07379C7C}.Debug|Any CPU.ActiveCfg = Debug|Any CPU
		{D8E7644E-F268-450A-8264-41AA07379C7C}.Debug|Any CPU.Build.0 = Debug|Any CPU
		{D8E7644E-F268-450A-8264-41AA07379C7C}.Debug|x64.ActiveCfg = Debug|Any CPU
		{D8E7644E-F268-450A-8264-41AA07379C7C}.Debug|x64.Build.0 = Debug|Any CPU
		{D8E7644E-F268-450A-8264-41AA07379C7C}.Debug|x86.ActiveCfg = Debug|Any CPU
		{D8E7644E-F268-450A-8264-41AA07379C7C}.Debug|x86.Build.0 = Debug|Any CPU
		{D8E7644E-F268-450A-8264-41AA07379C7C}.Release|Any CPU.ActiveCfg = Release|Any CPU
		{D8E7644E-F268-450A-8264-41AA07379C7C}.Release|Any CPU.Build.0 = Release|Any CPU
		{D8E7644E-F268-450A-8264-41AA07379C7C}.Release|x64.ActiveCfg = Release|Any CPU
		{D8E7644E-F268-450A-8264-41AA07379C7C}.Release|x64.Build.0 = Release|Any CPU
		{D8E7644E-F268-450A-8264-41AA07379C7C}.Release|x86.ActiveCfg = Release|Any CPU
		{D8E7644E-F268-450A-8264-41AA07379C7C}.Release|x86.Build.0 = Release|Any CPU
		{C423F891-8992-4F33-A4D0-989A327802C8}.Debug|Any CPU.ActiveCfg = Debug|Any CPU
		{C423F891-8992-4F33-A4D0-989A327802C8}.Debug|Any CPU.Build.0 = Debug|Any CPU
		{C423F891-8992-4F33-A4D0-989A327802C8}.Debug|x64.ActiveCfg = Debug|Any CPU
		{C423F891-8992-4F33-A4D0-989A327802C8}.Debug|x64.Build.0 = Debug|Any CPU
		{C423F891-8992-4F33-A4D0-989A327802C8}.Debug|x86.ActiveCfg = Debug|Any CPU
		{C423F891-8992-4F33-A4D0-989A327802C8}.Debug|x86.Build.0 = Debug|Any CPU
		{C423F891-8992-4F33-A4D0-989A327802C8}.Release|Any CPU.ActiveCfg = Release|Any CPU
		{C423F891-8992-4F33-A4D0-989A327802C8}.Release|Any CPU.Build.0 = Release|Any CPU
		{C423F891-8992-4F33-A4D0-989A327802C8}.Release|x64.ActiveCfg = Release|Any CPU
		{C423F891-8992-4F33-A4D0-989A327802C8}.Release|x64.Build.0 = Release|Any CPU
		{C423F891-8992-4F33-A4D0-989A327802C8}.Release|x86.ActiveCfg = Release|Any CPU
		{C423F891-8992-4F33-A4D0-989A327802C8}.Release|x86.Build.0 = Release|Any CPU
		{F5EC537D-9907-4D15-8D5B-74DFE53FFA75}.Debug|Any CPU.ActiveCfg = Debug|Any CPU
		{F5EC537D-9907-4D15-8D5B-74DFE53FFA75}.Debug|Any CPU.Build.0 = Debug|Any CPU
		{F5EC537D-9907-4D15-8D5B-74DFE53FFA75}.Debug|x64.ActiveCfg = Debug|Any CPU
		{F5EC537D-9907-4D15-8D5B-74DFE53FFA75}.Debug|x64.Build.0 = Debug|Any CPU
		{F5EC537D-9907-4D15-8D5B-74DFE53FFA75}.Debug|x86.ActiveCfg = Debug|Any CPU
		{F5EC537D-9907-4D15-8D5B-74DFE53FFA75}.Debug|x86.Build.0 = Debug|Any CPU
		{F5EC537D-9907-4D15-8D5B-74DFE53FFA75}.Release|Any CPU.ActiveCfg = Release|Any CPU
		{F5EC537D-9907-4D15-8D5B-74DFE53FFA75}.Release|Any CPU.Build.0 = Release|Any CPU
		{F5EC537D-9907-4D15-8D5B-74DFE53FFA75}.Release|x64.ActiveCfg = Release|Any CPU
		{F5EC537D-9907-4D15-8D5B-74DFE53FFA75}.Release|x64.Build.0 = Release|Any CPU
		{F5EC537D-9907-4D15-8D5B-74DFE53FFA75}.Release|x86.ActiveCfg = Release|Any CPU
		{F5EC537D-9907-4D15-8D5B-74DFE53FFA75}.Release|x86.Build.0 = Release|Any CPU
		{E025D610-0D9F-47D5-8A3D-46B299104849}.Debug|Any CPU.ActiveCfg = Debug|Any CPU
		{E025D610-0D9F-47D5-8A3D-46B299104849}.Debug|Any CPU.Build.0 = Debug|Any CPU
		{E025D610-0D9F-47D5-8A3D-46B299104849}.Debug|x64.ActiveCfg = Debug|Any CPU
		{E025D610-0D9F-47D5-8A3D-46B299104849}.Debug|x64.Build.0 = Debug|Any CPU
		{E025D610-0D9F-47D5-8A3D-46B299104849}.Debug|x86.ActiveCfg = Debug|Any CPU
		{E025D610-0D9F-47D5-8A3D-46B299104849}.Debug|x86.Build.0 = Debug|Any CPU
		{E025D610-0D9F-47D5-8A3D-46B299104849}.Release|Any CPU.ActiveCfg = Release|Any CPU
		{E025D610-0D9F-47D5-8A3D-46B299104849}.Release|Any CPU.Build.0 = Release|Any CPU
		{E025D610-0D9F-47D5-8A3D-46B299104849}.Release|x64.ActiveCfg = Release|Any CPU
		{E025D610-0D9F-47D5-8A3D-46B299104849}.Release|x64.Build.0 = Release|Any CPU
		{E025D610-0D9F-47D5-8A3D-46B299104849}.Release|x86.ActiveCfg = Release|Any CPU
		{E025D610-0D9F-47D5-8A3D-46B299104849}.Release|x86.Build.0 = Release|Any CPU
		{A6388D7B-9FE3-4CC8-ACF6-258482AB55C4}.Debug|Any CPU.ActiveCfg = Debug|Any CPU
		{A6388D7B-9FE3-4CC8-ACF6-258482AB55C4}.Debug|Any CPU.Build.0 = Debug|Any CPU
		{A6388D7B-9FE3-4CC8-ACF6-258482AB55C4}.Debug|x64.ActiveCfg = Debug|Any CPU
		{A6388D7B-9FE3-4CC8-ACF6-258482AB55C4}.Debug|x64.Build.0 = Debug|Any CPU
		{A6388D7B-9FE3-4CC8-ACF6-258482AB55C4}.Debug|x86.ActiveCfg = Debug|Any CPU
		{A6388D7B-9FE3-4CC8-ACF6-258482AB55C4}.Debug|x86.Build.0 = Debug|Any CPU
		{A6388D7B-9FE3-4CC8-ACF6-258482AB55C4}.Release|Any CPU.ActiveCfg = Release|Any CPU
		{A6388D7B-9FE3-4CC8-ACF6-258482AB55C4}.Release|Any CPU.Build.0 = Release|Any CPU
		{A6388D7B-9FE3-4CC8-ACF6-258482AB55C4}.Release|x64.ActiveCfg = Release|Any CPU
		{A6388D7B-9FE3-4CC8-ACF6-258482AB55C4}.Release|x64.Build.0 = Release|Any CPU
		{A6388D7B-9FE3-4CC8-ACF6-258482AB55C4}.Release|x86.ActiveCfg = Release|Any CPU
		{A6388D7B-9FE3-4CC8-ACF6-258482AB55C4}.Release|x86.Build.0 = Release|Any CPU
		{1787E907-F20B-4E78-9B3D-0D93D9BC42A1}.Debug|Any CPU.ActiveCfg = Debug|Any CPU
		{1787E907-F20B-4E78-9B3D-0D93D9BC42A1}.Debug|Any CPU.Build.0 = Debug|Any CPU
		{1787E907-F20B-4E78-9B3D-0D93D9BC42A1}.Debug|x64.ActiveCfg = Debug|Any CPU
		{1787E907-F20B-4E78-9B3D-0D93D9BC42A1}.Debug|x64.Build.0 = Debug|Any CPU
		{1787E907-F20B-4E78-9B3D-0D93D9BC42A1}.Debug|x86.ActiveCfg = Debug|Any CPU
		{1787E907-F20B-4E78-9B3D-0D93D9BC42A1}.Debug|x86.Build.0 = Debug|Any CPU
		{1787E907-F20B-4E78-9B3D-0D93D9BC42A1}.Release|Any CPU.ActiveCfg = Release|Any CPU
		{1787E907-F20B-4E78-9B3D-0D93D9BC42A1}.Release|Any CPU.Build.0 = Release|Any CPU
		{1787E907-F20B-4E78-9B3D-0D93D9BC42A1}.Release|x64.ActiveCfg = Release|Any CPU
		{1787E907-F20B-4E78-9B3D-0D93D9BC42A1}.Release|x64.Build.0 = Release|Any CPU
		{1787E907-F20B-4E78-9B3D-0D93D9BC42A1}.Release|x86.ActiveCfg = Release|Any CPU
		{1787E907-F20B-4E78-9B3D-0D93D9BC42A1}.Release|x86.Build.0 = Release|Any CPU
		{AB023E2B-2DB7-4149-8816-CC65AD6127EA}.Debug|Any CPU.ActiveCfg = Debug|Any CPU
		{AB023E2B-2DB7-4149-8816-CC65AD6127EA}.Debug|Any CPU.Build.0 = Debug|Any CPU
		{AB023E2B-2DB7-4149-8816-CC65AD6127EA}.Debug|x64.ActiveCfg = Debug|Any CPU
		{AB023E2B-2DB7-4149-8816-CC65AD6127EA}.Debug|x64.Build.0 = Debug|Any CPU
		{AB023E2B-2DB7-4149-8816-CC65AD6127EA}.Debug|x86.ActiveCfg = Debug|Any CPU
		{AB023E2B-2DB7-4149-8816-CC65AD6127EA}.Debug|x86.Build.0 = Debug|Any CPU
		{AB023E2B-2DB7-4149-8816-CC65AD6127EA}.Release|Any CPU.ActiveCfg = Release|Any CPU
		{AB023E2B-2DB7-4149-8816-CC65AD6127EA}.Release|Any CPU.Build.0 = Release|Any CPU
		{AB023E2B-2DB7-4149-8816-CC65AD6127EA}.Release|x64.ActiveCfg = Release|Any CPU
		{AB023E2B-2DB7-4149-8816-CC65AD6127EA}.Release|x64.Build.0 = Release|Any CPU
		{AB023E2B-2DB7-4149-8816-CC65AD6127EA}.Release|x86.ActiveCfg = Release|Any CPU
		{AB023E2B-2DB7-4149-8816-CC65AD6127EA}.Release|x86.Build.0 = Release|Any CPU
		{5510711F-B05C-4609-BF8F-B7E70D9C727D}.Debug|Any CPU.ActiveCfg = Debug|Any CPU
		{5510711F-B05C-4609-BF8F-B7E70D9C727D}.Debug|Any CPU.Build.0 = Debug|Any CPU
		{5510711F-B05C-4609-BF8F-B7E70D9C727D}.Debug|x64.ActiveCfg = Debug|Any CPU
		{5510711F-B05C-4609-BF8F-B7E70D9C727D}.Debug|x64.Build.0 = Debug|Any CPU
		{5510711F-B05C-4609-BF8F-B7E70D9C727D}.Debug|x86.ActiveCfg = Debug|Any CPU
		{5510711F-B05C-4609-BF8F-B7E70D9C727D}.Debug|x86.Build.0 = Debug|Any CPU
		{5510711F-B05C-4609-BF8F-B7E70D9C727D}.Release|Any CPU.ActiveCfg = Release|Any CPU
		{5510711F-B05C-4609-BF8F-B7E70D9C727D}.Release|Any CPU.Build.0 = Release|Any CPU
		{5510711F-B05C-4609-BF8F-B7E70D9C727D}.Release|x64.ActiveCfg = Release|Any CPU
		{5510711F-B05C-4609-BF8F-B7E70D9C727D}.Release|x64.Build.0 = Release|Any CPU
		{5510711F-B05C-4609-BF8F-B7E70D9C727D}.Release|x86.ActiveCfg = Release|Any CPU
		{5510711F-B05C-4609-BF8F-B7E70D9C727D}.Release|x86.Build.0 = Release|Any CPU
		{14C7031A-3CCF-4423-9B28-8C0F4F97E738}.Debug|Any CPU.ActiveCfg = Debug|Any CPU
		{14C7031A-3CCF-4423-9B28-8C0F4F97E738}.Debug|Any CPU.Build.0 = Debug|Any CPU
		{14C7031A-3CCF-4423-9B28-8C0F4F97E738}.Debug|x64.ActiveCfg = Debug|Any CPU
		{14C7031A-3CCF-4423-9B28-8C0F4F97E738}.Debug|x64.Build.0 = Debug|Any CPU
		{14C7031A-3CCF-4423-9B28-8C0F4F97E738}.Debug|x86.ActiveCfg = Debug|Any CPU
		{14C7031A-3CCF-4423-9B28-8C0F4F97E738}.Debug|x86.Build.0 = Debug|Any CPU
		{14C7031A-3CCF-4423-9B28-8C0F4F97E738}.Release|Any CPU.ActiveCfg = Release|Any CPU
		{14C7031A-3CCF-4423-9B28-8C0F4F97E738}.Release|Any CPU.Build.0 = Release|Any CPU
		{14C7031A-3CCF-4423-9B28-8C0F4F97E738}.Release|x64.ActiveCfg = Release|Any CPU
		{14C7031A-3CCF-4423-9B28-8C0F4F97E738}.Release|x64.Build.0 = Release|Any CPU
		{14C7031A-3CCF-4423-9B28-8C0F4F97E738}.Release|x86.ActiveCfg = Release|Any CPU
		{14C7031A-3CCF-4423-9B28-8C0F4F97E738}.Release|x86.Build.0 = Release|Any CPU
		{92DAD6DA-3F71-4352-9ED5-8E0078C923F5}.Debug|Any CPU.ActiveCfg = Debug|Any CPU
		{92DAD6DA-3F71-4352-9ED5-8E0078C923F5}.Debug|Any CPU.Build.0 = Debug|Any CPU
		{92DAD6DA-3F71-4352-9ED5-8E0078C923F5}.Debug|x64.ActiveCfg = Debug|Any CPU
		{92DAD6DA-3F71-4352-9ED5-8E0078C923F5}.Debug|x64.Build.0 = Debug|Any CPU
		{92DAD6DA-3F71-4352-9ED5-8E0078C923F5}.Debug|x86.ActiveCfg = Debug|Any CPU
		{92DAD6DA-3F71-4352-9ED5-8E0078C923F5}.Debug|x86.Build.0 = Debug|Any CPU
		{92DAD6DA-3F71-4352-9ED5-8E0078C923F5}.Release|Any CPU.ActiveCfg = Release|Any CPU
		{92DAD6DA-3F71-4352-9ED5-8E0078C923F5}.Release|Any CPU.Build.0 = Release|Any CPU
		{92DAD6DA-3F71-4352-9ED5-8E0078C923F5}.Release|x64.ActiveCfg = Release|Any CPU
		{92DAD6DA-3F71-4352-9ED5-8E0078C923F5}.Release|x64.Build.0 = Release|Any CPU
		{92DAD6DA-3F71-4352-9ED5-8E0078C923F5}.Release|x86.ActiveCfg = Release|Any CPU
		{92DAD6DA-3F71-4352-9ED5-8E0078C923F5}.Release|x86.Build.0 = Release|Any CPU
		{7D398CEA-6E6C-44DC-82B1-1ECB38E1F8E5}.Debug|Any CPU.ActiveCfg = Debug|Any CPU
		{7D398CEA-6E6C-44DC-82B1-1ECB38E1F8E5}.Debug|Any CPU.Build.0 = Debug|Any CPU
		{7D398CEA-6E6C-44DC-82B1-1ECB38E1F8E5}.Debug|x64.ActiveCfg = Debug|Any CPU
		{7D398CEA-6E6C-44DC-82B1-1ECB38E1F8E5}.Debug|x64.Build.0 = Debug|Any CPU
		{7D398CEA-6E6C-44DC-82B1-1ECB38E1F8E5}.Debug|x86.ActiveCfg = Debug|Any CPU
		{7D398CEA-6E6C-44DC-82B1-1ECB38E1F8E5}.Debug|x86.Build.0 = Debug|Any CPU
		{7D398CEA-6E6C-44DC-82B1-1ECB38E1F8E5}.Release|Any CPU.ActiveCfg = Release|Any CPU
		{7D398CEA-6E6C-44DC-82B1-1ECB38E1F8E5}.Release|Any CPU.Build.0 = Release|Any CPU
		{7D398CEA-6E6C-44DC-82B1-1ECB38E1F8E5}.Release|x64.ActiveCfg = Release|Any CPU
		{7D398CEA-6E6C-44DC-82B1-1ECB38E1F8E5}.Release|x64.Build.0 = Release|Any CPU
		{7D398CEA-6E6C-44DC-82B1-1ECB38E1F8E5}.Release|x86.ActiveCfg = Release|Any CPU
		{7D398CEA-6E6C-44DC-82B1-1ECB38E1F8E5}.Release|x86.Build.0 = Release|Any CPU
		{A6A5A78A-54C6-4B28-B0FF-9851056387FB}.Debug|Any CPU.ActiveCfg = Debug|Any CPU
		{A6A5A78A-54C6-4B28-B0FF-9851056387FB}.Debug|Any CPU.Build.0 = Debug|Any CPU
		{A6A5A78A-54C6-4B28-B0FF-9851056387FB}.Debug|x64.ActiveCfg = Debug|Any CPU
		{A6A5A78A-54C6-4B28-B0FF-9851056387FB}.Debug|x64.Build.0 = Debug|Any CPU
		{A6A5A78A-54C6-4B28-B0FF-9851056387FB}.Debug|x86.ActiveCfg = Debug|Any CPU
		{A6A5A78A-54C6-4B28-B0FF-9851056387FB}.Debug|x86.Build.0 = Debug|Any CPU
		{A6A5A78A-54C6-4B28-B0FF-9851056387FB}.Release|Any CPU.ActiveCfg = Release|Any CPU
		{A6A5A78A-54C6-4B28-B0FF-9851056387FB}.Release|Any CPU.Build.0 = Release|Any CPU
		{A6A5A78A-54C6-4B28-B0FF-9851056387FB}.Release|x64.ActiveCfg = Release|Any CPU
		{A6A5A78A-54C6-4B28-B0FF-9851056387FB}.Release|x64.Build.0 = Release|Any CPU
		{A6A5A78A-54C6-4B28-B0FF-9851056387FB}.Release|x86.ActiveCfg = Release|Any CPU
		{A6A5A78A-54C6-4B28-B0FF-9851056387FB}.Release|x86.Build.0 = Release|Any CPU
		{23EF1475-E832-4693-A263-24F5E8792B8D}.Debug|Any CPU.ActiveCfg = Debug|Any CPU
		{23EF1475-E832-4693-A263-24F5E8792B8D}.Debug|Any CPU.Build.0 = Debug|Any CPU
		{23EF1475-E832-4693-A263-24F5E8792B8D}.Debug|x64.ActiveCfg = Debug|Any CPU
		{23EF1475-E832-4693-A263-24F5E8792B8D}.Debug|x64.Build.0 = Debug|Any CPU
		{23EF1475-E832-4693-A263-24F5E8792B8D}.Debug|x86.ActiveCfg = Debug|Any CPU
		{23EF1475-E832-4693-A263-24F5E8792B8D}.Debug|x86.Build.0 = Debug|Any CPU
		{23EF1475-E832-4693-A263-24F5E8792B8D}.Release|Any CPU.ActiveCfg = Release|Any CPU
		{23EF1475-E832-4693-A263-24F5E8792B8D}.Release|Any CPU.Build.0 = Release|Any CPU
		{23EF1475-E832-4693-A263-24F5E8792B8D}.Release|x64.ActiveCfg = Release|Any CPU
		{23EF1475-E832-4693-A263-24F5E8792B8D}.Release|x64.Build.0 = Release|Any CPU
		{23EF1475-E832-4693-A263-24F5E8792B8D}.Release|x86.ActiveCfg = Release|Any CPU
		{23EF1475-E832-4693-A263-24F5E8792B8D}.Release|x86.Build.0 = Release|Any CPU
		{166DAA88-0223-497C-9BB4-DD92608E6AE6}.Debug|Any CPU.ActiveCfg = Debug|Any CPU
		{166DAA88-0223-497C-9BB4-DD92608E6AE6}.Debug|Any CPU.Build.0 = Debug|Any CPU
		{166DAA88-0223-497C-9BB4-DD92608E6AE6}.Debug|x64.ActiveCfg = Debug|Any CPU
		{166DAA88-0223-497C-9BB4-DD92608E6AE6}.Debug|x64.Build.0 = Debug|Any CPU
		{166DAA88-0223-497C-9BB4-DD92608E6AE6}.Debug|x86.ActiveCfg = Debug|Any CPU
		{166DAA88-0223-497C-9BB4-DD92608E6AE6}.Debug|x86.Build.0 = Debug|Any CPU
		{166DAA88-0223-497C-9BB4-DD92608E6AE6}.Release|Any CPU.ActiveCfg = Release|Any CPU
		{166DAA88-0223-497C-9BB4-DD92608E6AE6}.Release|Any CPU.Build.0 = Release|Any CPU
		{166DAA88-0223-497C-9BB4-DD92608E6AE6}.Release|x64.ActiveCfg = Release|Any CPU
		{166DAA88-0223-497C-9BB4-DD92608E6AE6}.Release|x64.Build.0 = Release|Any CPU
		{166DAA88-0223-497C-9BB4-DD92608E6AE6}.Release|x86.ActiveCfg = Release|Any CPU
		{166DAA88-0223-497C-9BB4-DD92608E6AE6}.Release|x86.Build.0 = Release|Any CPU
		{CDA2A6B1-47B6-443E-A2A5-797B43DCB314}.Debug|Any CPU.ActiveCfg = Debug|Any CPU
		{CDA2A6B1-47B6-443E-A2A5-797B43DCB314}.Debug|Any CPU.Build.0 = Debug|Any CPU
		{CDA2A6B1-47B6-443E-A2A5-797B43DCB314}.Debug|x64.ActiveCfg = Debug|Any CPU
		{CDA2A6B1-47B6-443E-A2A5-797B43DCB314}.Debug|x64.Build.0 = Debug|Any CPU
		{CDA2A6B1-47B6-443E-A2A5-797B43DCB314}.Debug|x86.ActiveCfg = Debug|Any CPU
		{CDA2A6B1-47B6-443E-A2A5-797B43DCB314}.Debug|x86.Build.0 = Debug|Any CPU
		{CDA2A6B1-47B6-443E-A2A5-797B43DCB314}.Release|Any CPU.ActiveCfg = Release|Any CPU
		{CDA2A6B1-47B6-443E-A2A5-797B43DCB314}.Release|Any CPU.Build.0 = Release|Any CPU
		{CDA2A6B1-47B6-443E-A2A5-797B43DCB314}.Release|x64.ActiveCfg = Release|Any CPU
		{CDA2A6B1-47B6-443E-A2A5-797B43DCB314}.Release|x64.Build.0 = Release|Any CPU
		{CDA2A6B1-47B6-443E-A2A5-797B43DCB314}.Release|x86.ActiveCfg = Release|Any CPU
		{CDA2A6B1-47B6-443E-A2A5-797B43DCB314}.Release|x86.Build.0 = Release|Any CPU
		{C7045BDB-7C74-4F8F-A0AE-13691A67D40B}.Debug|Any CPU.ActiveCfg = Debug|Any CPU
		{C7045BDB-7C74-4F8F-A0AE-13691A67D40B}.Debug|Any CPU.Build.0 = Debug|Any CPU
		{C7045BDB-7C74-4F8F-A0AE-13691A67D40B}.Debug|x64.ActiveCfg = Debug|Any CPU
		{C7045BDB-7C74-4F8F-A0AE-13691A67D40B}.Debug|x64.Build.0 = Debug|Any CPU
		{C7045BDB-7C74-4F8F-A0AE-13691A67D40B}.Debug|x86.ActiveCfg = Debug|Any CPU
		{C7045BDB-7C74-4F8F-A0AE-13691A67D40B}.Debug|x86.Build.0 = Debug|Any CPU
		{C7045BDB-7C74-4F8F-A0AE-13691A67D40B}.Release|Any CPU.ActiveCfg = Release|Any CPU
		{C7045BDB-7C74-4F8F-A0AE-13691A67D40B}.Release|Any CPU.Build.0 = Release|Any CPU
		{C7045BDB-7C74-4F8F-A0AE-13691A67D40B}.Release|x64.ActiveCfg = Release|Any CPU
		{C7045BDB-7C74-4F8F-A0AE-13691A67D40B}.Release|x64.Build.0 = Release|Any CPU
		{C7045BDB-7C74-4F8F-A0AE-13691A67D40B}.Release|x86.ActiveCfg = Release|Any CPU
		{C7045BDB-7C74-4F8F-A0AE-13691A67D40B}.Release|x86.Build.0 = Release|Any CPU
		{B8560BEB-6837-40D9-B9F7-1782029BD0A6}.Debug|Any CPU.ActiveCfg = Debug|Any CPU
		{B8560BEB-6837-40D9-B9F7-1782029BD0A6}.Debug|Any CPU.Build.0 = Debug|Any CPU
		{B8560BEB-6837-40D9-B9F7-1782029BD0A6}.Debug|x64.ActiveCfg = Debug|Any CPU
		{B8560BEB-6837-40D9-B9F7-1782029BD0A6}.Debug|x64.Build.0 = Debug|Any CPU
		{B8560BEB-6837-40D9-B9F7-1782029BD0A6}.Debug|x86.ActiveCfg = Debug|Any CPU
		{B8560BEB-6837-40D9-B9F7-1782029BD0A6}.Debug|x86.Build.0 = Debug|Any CPU
		{B8560BEB-6837-40D9-B9F7-1782029BD0A6}.Release|Any CPU.ActiveCfg = Release|Any CPU
		{B8560BEB-6837-40D9-B9F7-1782029BD0A6}.Release|Any CPU.Build.0 = Release|Any CPU
		{B8560BEB-6837-40D9-B9F7-1782029BD0A6}.Release|x64.ActiveCfg = Release|Any CPU
		{B8560BEB-6837-40D9-B9F7-1782029BD0A6}.Release|x64.Build.0 = Release|Any CPU
		{B8560BEB-6837-40D9-B9F7-1782029BD0A6}.Release|x86.ActiveCfg = Release|Any CPU
		{B8560BEB-6837-40D9-B9F7-1782029BD0A6}.Release|x86.Build.0 = Release|Any CPU
		{B4785B46-5F38-4DF1-85FD-4F00BBD2A66F}.Debug|Any CPU.ActiveCfg = Debug|Any CPU
		{B4785B46-5F38-4DF1-85FD-4F00BBD2A66F}.Debug|Any CPU.Build.0 = Debug|Any CPU
		{B4785B46-5F38-4DF1-85FD-4F00BBD2A66F}.Debug|x64.ActiveCfg = Debug|Any CPU
		{B4785B46-5F38-4DF1-85FD-4F00BBD2A66F}.Debug|x64.Build.0 = Debug|Any CPU
		{B4785B46-5F38-4DF1-85FD-4F00BBD2A66F}.Debug|x86.ActiveCfg = Debug|Any CPU
		{B4785B46-5F38-4DF1-85FD-4F00BBD2A66F}.Debug|x86.Build.0 = Debug|Any CPU
		{B4785B46-5F38-4DF1-85FD-4F00BBD2A66F}.Release|Any CPU.ActiveCfg = Release|Any CPU
		{B4785B46-5F38-4DF1-85FD-4F00BBD2A66F}.Release|Any CPU.Build.0 = Release|Any CPU
		{B4785B46-5F38-4DF1-85FD-4F00BBD2A66F}.Release|x64.ActiveCfg = Release|Any CPU
		{B4785B46-5F38-4DF1-85FD-4F00BBD2A66F}.Release|x64.Build.0 = Release|Any CPU
		{B4785B46-5F38-4DF1-85FD-4F00BBD2A66F}.Release|x86.ActiveCfg = Release|Any CPU
		{B4785B46-5F38-4DF1-85FD-4F00BBD2A66F}.Release|x86.Build.0 = Release|Any CPU
		{6A6B409A-256F-415F-ACDE-759D5524C193}.Debug|Any CPU.ActiveCfg = Debug|Any CPU
		{6A6B409A-256F-415F-ACDE-759D5524C193}.Debug|Any CPU.Build.0 = Debug|Any CPU
		{6A6B409A-256F-415F-ACDE-759D5524C193}.Debug|x64.ActiveCfg = Debug|Any CPU
		{6A6B409A-256F-415F-ACDE-759D5524C193}.Debug|x64.Build.0 = Debug|Any CPU
		{6A6B409A-256F-415F-ACDE-759D5524C193}.Debug|x86.ActiveCfg = Debug|Any CPU
		{6A6B409A-256F-415F-ACDE-759D5524C193}.Debug|x86.Build.0 = Debug|Any CPU
		{6A6B409A-256F-415F-ACDE-759D5524C193}.Release|Any CPU.ActiveCfg = Release|Any CPU
		{6A6B409A-256F-415F-ACDE-759D5524C193}.Release|Any CPU.Build.0 = Release|Any CPU
		{6A6B409A-256F-415F-ACDE-759D5524C193}.Release|x64.ActiveCfg = Release|Any CPU
		{6A6B409A-256F-415F-ACDE-759D5524C193}.Release|x64.Build.0 = Release|Any CPU
		{6A6B409A-256F-415F-ACDE-759D5524C193}.Release|x86.ActiveCfg = Release|Any CPU
		{6A6B409A-256F-415F-ACDE-759D5524C193}.Release|x86.Build.0 = Release|Any CPU
		{8B1FC7C3-2D94-424C-B83C-C1E8221A9220}.Debug|Any CPU.ActiveCfg = Debug|Any CPU
		{8B1FC7C3-2D94-424C-B83C-C1E8221A9220}.Debug|Any CPU.Build.0 = Debug|Any CPU
		{8B1FC7C3-2D94-424C-B83C-C1E8221A9220}.Debug|x64.ActiveCfg = Debug|Any CPU
		{8B1FC7C3-2D94-424C-B83C-C1E8221A9220}.Debug|x64.Build.0 = Debug|Any CPU
		{8B1FC7C3-2D94-424C-B83C-C1E8221A9220}.Debug|x86.ActiveCfg = Debug|Any CPU
		{8B1FC7C3-2D94-424C-B83C-C1E8221A9220}.Debug|x86.Build.0 = Debug|Any CPU
		{8B1FC7C3-2D94-424C-B83C-C1E8221A9220}.Release|Any CPU.ActiveCfg = Release|Any CPU
		{8B1FC7C3-2D94-424C-B83C-C1E8221A9220}.Release|Any CPU.Build.0 = Release|Any CPU
		{8B1FC7C3-2D94-424C-B83C-C1E8221A9220}.Release|x64.ActiveCfg = Release|Any CPU
		{8B1FC7C3-2D94-424C-B83C-C1E8221A9220}.Release|x64.Build.0 = Release|Any CPU
		{8B1FC7C3-2D94-424C-B83C-C1E8221A9220}.Release|x86.ActiveCfg = Release|Any CPU
		{8B1FC7C3-2D94-424C-B83C-C1E8221A9220}.Release|x86.Build.0 = Release|Any CPU
		{B9D0D691-8C96-491E-9A94-ECD3F5D70196}.Debug|Any CPU.ActiveCfg = Debug|Any CPU
		{B9D0D691-8C96-491E-9A94-ECD3F5D70196}.Debug|Any CPU.Build.0 = Debug|Any CPU
		{B9D0D691-8C96-491E-9A94-ECD3F5D70196}.Debug|x64.ActiveCfg = Debug|Any CPU
		{B9D0D691-8C96-491E-9A94-ECD3F5D70196}.Debug|x64.Build.0 = Debug|Any CPU
		{B9D0D691-8C96-491E-9A94-ECD3F5D70196}.Debug|x86.ActiveCfg = Debug|Any CPU
		{B9D0D691-8C96-491E-9A94-ECD3F5D70196}.Debug|x86.Build.0 = Debug|Any CPU
		{B9D0D691-8C96-491E-9A94-ECD3F5D70196}.Release|Any CPU.ActiveCfg = Release|Any CPU
		{B9D0D691-8C96-491E-9A94-ECD3F5D70196}.Release|Any CPU.Build.0 = Release|Any CPU
		{B9D0D691-8C96-491E-9A94-ECD3F5D70196}.Release|x64.ActiveCfg = Release|Any CPU
		{B9D0D691-8C96-491E-9A94-ECD3F5D70196}.Release|x64.Build.0 = Release|Any CPU
		{B9D0D691-8C96-491E-9A94-ECD3F5D70196}.Release|x86.ActiveCfg = Release|Any CPU
		{B9D0D691-8C96-491E-9A94-ECD3F5D70196}.Release|x86.Build.0 = Release|Any CPU
		{F2FE8923-6342-4EAB-9F85-92877C3D9A84}.Debug|Any CPU.ActiveCfg = Debug|Any CPU
		{F2FE8923-6342-4EAB-9F85-92877C3D9A84}.Debug|Any CPU.Build.0 = Debug|Any CPU
		{F2FE8923-6342-4EAB-9F85-92877C3D9A84}.Debug|x64.ActiveCfg = Debug|Any CPU
		{F2FE8923-6342-4EAB-9F85-92877C3D9A84}.Debug|x64.Build.0 = Debug|Any CPU
		{F2FE8923-6342-4EAB-9F85-92877C3D9A84}.Debug|x86.ActiveCfg = Debug|Any CPU
		{F2FE8923-6342-4EAB-9F85-92877C3D9A84}.Debug|x86.Build.0 = Debug|Any CPU
		{F2FE8923-6342-4EAB-9F85-92877C3D9A84}.Release|Any CPU.ActiveCfg = Release|Any CPU
		{F2FE8923-6342-4EAB-9F85-92877C3D9A84}.Release|Any CPU.Build.0 = Release|Any CPU
		{F2FE8923-6342-4EAB-9F85-92877C3D9A84}.Release|x64.ActiveCfg = Release|Any CPU
		{F2FE8923-6342-4EAB-9F85-92877C3D9A84}.Release|x64.Build.0 = Release|Any CPU
		{F2FE8923-6342-4EAB-9F85-92877C3D9A84}.Release|x86.ActiveCfg = Release|Any CPU
		{F2FE8923-6342-4EAB-9F85-92877C3D9A84}.Release|x86.Build.0 = Release|Any CPU
		{C2F69F21-7B52-4166-B1C0-AF6A43A0EA5A}.Debug|Any CPU.ActiveCfg = Debug|Any CPU
		{C2F69F21-7B52-4166-B1C0-AF6A43A0EA5A}.Debug|Any CPU.Build.0 = Debug|Any CPU
		{C2F69F21-7B52-4166-B1C0-AF6A43A0EA5A}.Debug|x64.ActiveCfg = Debug|Any CPU
		{C2F69F21-7B52-4166-B1C0-AF6A43A0EA5A}.Debug|x64.Build.0 = Debug|Any CPU
		{C2F69F21-7B52-4166-B1C0-AF6A43A0EA5A}.Debug|x86.ActiveCfg = Debug|Any CPU
		{C2F69F21-7B52-4166-B1C0-AF6A43A0EA5A}.Debug|x86.Build.0 = Debug|Any CPU
		{C2F69F21-7B52-4166-B1C0-AF6A43A0EA5A}.Release|Any CPU.ActiveCfg = Release|Any CPU
		{C2F69F21-7B52-4166-B1C0-AF6A43A0EA5A}.Release|Any CPU.Build.0 = Release|Any CPU
		{C2F69F21-7B52-4166-B1C0-AF6A43A0EA5A}.Release|x64.ActiveCfg = Release|Any CPU
		{C2F69F21-7B52-4166-B1C0-AF6A43A0EA5A}.Release|x64.Build.0 = Release|Any CPU
		{C2F69F21-7B52-4166-B1C0-AF6A43A0EA5A}.Release|x86.ActiveCfg = Release|Any CPU
		{C2F69F21-7B52-4166-B1C0-AF6A43A0EA5A}.Release|x86.Build.0 = Release|Any CPU
		{11EF8FFF-25DE-4ADB-A951-FA10A421FFE4}.Debug|Any CPU.ActiveCfg = Debug|x64
		{11EF8FFF-25DE-4ADB-A951-FA10A421FFE4}.Debug|Any CPU.Build.0 = Debug|x64
		{11EF8FFF-25DE-4ADB-A951-FA10A421FFE4}.Debug|x64.ActiveCfg = Debug|x64
		{11EF8FFF-25DE-4ADB-A951-FA10A421FFE4}.Debug|x64.Build.0 = Debug|x64
		{11EF8FFF-25DE-4ADB-A951-FA10A421FFE4}.Debug|x86.ActiveCfg = Debug|Win32
		{11EF8FFF-25DE-4ADB-A951-FA10A421FFE4}.Debug|x86.Build.0 = Debug|Win32
		{11EF8FFF-25DE-4ADB-A951-FA10A421FFE4}.Release|Any CPU.ActiveCfg = Release|x64
		{11EF8FFF-25DE-4ADB-A951-FA10A421FFE4}.Release|Any CPU.Build.0 = Release|x64
		{11EF8FFF-25DE-4ADB-A951-FA10A421FFE4}.Release|x64.ActiveCfg = Release|x64
		{11EF8FFF-25DE-4ADB-A951-FA10A421FFE4}.Release|x64.Build.0 = Release|x64
		{11EF8FFF-25DE-4ADB-A951-FA10A421FFE4}.Release|x86.ActiveCfg = Release|Win32
		{11EF8FFF-25DE-4ADB-A951-FA10A421FFE4}.Release|x86.Build.0 = Release|Win32
		{FECA3C58-8891-4685-8821-AE9B9FD0F61D}.Debug|Any CPU.ActiveCfg = Debug|Any CPU
		{FECA3C58-8891-4685-8821-AE9B9FD0F61D}.Debug|Any CPU.Build.0 = Debug|Any CPU
		{FECA3C58-8891-4685-8821-AE9B9FD0F61D}.Debug|x64.ActiveCfg = Debug|Any CPU
		{FECA3C58-8891-4685-8821-AE9B9FD0F61D}.Debug|x64.Build.0 = Debug|Any CPU
		{FECA3C58-8891-4685-8821-AE9B9FD0F61D}.Debug|x86.ActiveCfg = Debug|Any CPU
		{FECA3C58-8891-4685-8821-AE9B9FD0F61D}.Debug|x86.Build.0 = Debug|Any CPU
		{FECA3C58-8891-4685-8821-AE9B9FD0F61D}.Release|Any CPU.ActiveCfg = Release|Any CPU
		{FECA3C58-8891-4685-8821-AE9B9FD0F61D}.Release|Any CPU.Build.0 = Release|Any CPU
		{FECA3C58-8891-4685-8821-AE9B9FD0F61D}.Release|x64.ActiveCfg = Release|Any CPU
		{FECA3C58-8891-4685-8821-AE9B9FD0F61D}.Release|x64.Build.0 = Release|Any CPU
		{FECA3C58-8891-4685-8821-AE9B9FD0F61D}.Release|x86.ActiveCfg = Release|Any CPU
		{FECA3C58-8891-4685-8821-AE9B9FD0F61D}.Release|x86.Build.0 = Release|Any CPU
		{06FC10FE-AEAC-43D8-BA26-CBD6D553F781}.Debug|Any CPU.ActiveCfg = Debug|Any CPU
		{06FC10FE-AEAC-43D8-BA26-CBD6D553F781}.Debug|Any CPU.Build.0 = Debug|Any CPU
		{06FC10FE-AEAC-43D8-BA26-CBD6D553F781}.Debug|x64.ActiveCfg = Debug|Any CPU
		{06FC10FE-AEAC-43D8-BA26-CBD6D553F781}.Debug|x64.Build.0 = Debug|Any CPU
		{06FC10FE-AEAC-43D8-BA26-CBD6D553F781}.Debug|x86.ActiveCfg = Debug|Any CPU
		{06FC10FE-AEAC-43D8-BA26-CBD6D553F781}.Debug|x86.Build.0 = Debug|Any CPU
		{06FC10FE-AEAC-43D8-BA26-CBD6D553F781}.Release|Any CPU.ActiveCfg = Release|Any CPU
		{06FC10FE-AEAC-43D8-BA26-CBD6D553F781}.Release|Any CPU.Build.0 = Release|Any CPU
		{06FC10FE-AEAC-43D8-BA26-CBD6D553F781}.Release|x64.ActiveCfg = Release|Any CPU
		{06FC10FE-AEAC-43D8-BA26-CBD6D553F781}.Release|x64.Build.0 = Release|Any CPU
		{06FC10FE-AEAC-43D8-BA26-CBD6D553F781}.Release|x86.ActiveCfg = Release|Any CPU
		{06FC10FE-AEAC-43D8-BA26-CBD6D553F781}.Release|x86.Build.0 = Release|Any CPU
		{E5663F5F-DF0C-4DBC-B7D3-888CD7357641}.Debug|Any CPU.ActiveCfg = Debug|Any CPU
		{E5663F5F-DF0C-4DBC-B7D3-888CD7357641}.Debug|Any CPU.Build.0 = Debug|Any CPU
		{E5663F5F-DF0C-4DBC-B7D3-888CD7357641}.Debug|x64.ActiveCfg = Debug|Any CPU
		{E5663F5F-DF0C-4DBC-B7D3-888CD7357641}.Debug|x64.Build.0 = Debug|Any CPU
		{E5663F5F-DF0C-4DBC-B7D3-888CD7357641}.Debug|x86.ActiveCfg = Debug|Any CPU
		{E5663F5F-DF0C-4DBC-B7D3-888CD7357641}.Debug|x86.Build.0 = Debug|Any CPU
		{E5663F5F-DF0C-4DBC-B7D3-888CD7357641}.Release|Any CPU.ActiveCfg = Release|Any CPU
		{E5663F5F-DF0C-4DBC-B7D3-888CD7357641}.Release|Any CPU.Build.0 = Release|Any CPU
		{E5663F5F-DF0C-4DBC-B7D3-888CD7357641}.Release|x64.ActiveCfg = Release|Any CPU
		{E5663F5F-DF0C-4DBC-B7D3-888CD7357641}.Release|x64.Build.0 = Release|Any CPU
		{E5663F5F-DF0C-4DBC-B7D3-888CD7357641}.Release|x86.ActiveCfg = Release|Any CPU
		{E5663F5F-DF0C-4DBC-B7D3-888CD7357641}.Release|x86.Build.0 = Release|Any CPU
		{DF73C4BE-2E66-484B-BD5D-19E4F727AF0D}.Debug|Any CPU.ActiveCfg = Debug|Any CPU
		{DF73C4BE-2E66-484B-BD5D-19E4F727AF0D}.Debug|Any CPU.Build.0 = Debug|Any CPU
		{DF73C4BE-2E66-484B-BD5D-19E4F727AF0D}.Debug|x64.ActiveCfg = Debug|Any CPU
		{DF73C4BE-2E66-484B-BD5D-19E4F727AF0D}.Debug|x64.Build.0 = Debug|Any CPU
		{DF73C4BE-2E66-484B-BD5D-19E4F727AF0D}.Debug|x86.ActiveCfg = Debug|Any CPU
		{DF73C4BE-2E66-484B-BD5D-19E4F727AF0D}.Debug|x86.Build.0 = Debug|Any CPU
		{DF73C4BE-2E66-484B-BD5D-19E4F727AF0D}.Release|Any CPU.ActiveCfg = Release|Any CPU
		{DF73C4BE-2E66-484B-BD5D-19E4F727AF0D}.Release|Any CPU.Build.0 = Release|Any CPU
		{DF73C4BE-2E66-484B-BD5D-19E4F727AF0D}.Release|x64.ActiveCfg = Release|Any CPU
		{DF73C4BE-2E66-484B-BD5D-19E4F727AF0D}.Release|x64.Build.0 = Release|Any CPU
		{DF73C4BE-2E66-484B-BD5D-19E4F727AF0D}.Release|x86.ActiveCfg = Release|Any CPU
		{DF73C4BE-2E66-484B-BD5D-19E4F727AF0D}.Release|x86.Build.0 = Release|Any CPU
		{49EB1C1C-9E8A-45E2-81EC-472297941C80}.Debug|Any CPU.ActiveCfg = Debug|Any CPU
		{49EB1C1C-9E8A-45E2-81EC-472297941C80}.Debug|Any CPU.Build.0 = Debug|Any CPU
		{49EB1C1C-9E8A-45E2-81EC-472297941C80}.Debug|x64.ActiveCfg = Debug|Any CPU
		{49EB1C1C-9E8A-45E2-81EC-472297941C80}.Debug|x64.Build.0 = Debug|Any CPU
		{49EB1C1C-9E8A-45E2-81EC-472297941C80}.Debug|x86.ActiveCfg = Debug|Any CPU
		{49EB1C1C-9E8A-45E2-81EC-472297941C80}.Debug|x86.Build.0 = Debug|Any CPU
		{49EB1C1C-9E8A-45E2-81EC-472297941C80}.Release|Any CPU.ActiveCfg = Release|Any CPU
		{49EB1C1C-9E8A-45E2-81EC-472297941C80}.Release|Any CPU.Build.0 = Release|Any CPU
		{49EB1C1C-9E8A-45E2-81EC-472297941C80}.Release|x64.ActiveCfg = Release|Any CPU
		{49EB1C1C-9E8A-45E2-81EC-472297941C80}.Release|x64.Build.0 = Release|Any CPU
		{49EB1C1C-9E8A-45E2-81EC-472297941C80}.Release|x86.ActiveCfg = Release|Any CPU
		{49EB1C1C-9E8A-45E2-81EC-472297941C80}.Release|x86.Build.0 = Release|Any CPU
		{16D87114-29CB-4F8A-A4A8-8322D37B9A01}.Debug|Any CPU.ActiveCfg = Debug|Any CPU
		{16D87114-29CB-4F8A-A4A8-8322D37B9A01}.Debug|Any CPU.Build.0 = Debug|Any CPU
		{16D87114-29CB-4F8A-A4A8-8322D37B9A01}.Debug|x64.ActiveCfg = Debug|Any CPU
		{16D87114-29CB-4F8A-A4A8-8322D37B9A01}.Debug|x64.Build.0 = Debug|Any CPU
		{16D87114-29CB-4F8A-A4A8-8322D37B9A01}.Debug|x86.ActiveCfg = Debug|Any CPU
		{16D87114-29CB-4F8A-A4A8-8322D37B9A01}.Debug|x86.Build.0 = Debug|Any CPU
		{16D87114-29CB-4F8A-A4A8-8322D37B9A01}.Release|Any CPU.ActiveCfg = Release|Any CPU
		{16D87114-29CB-4F8A-A4A8-8322D37B9A01}.Release|Any CPU.Build.0 = Release|Any CPU
		{16D87114-29CB-4F8A-A4A8-8322D37B9A01}.Release|x64.ActiveCfg = Release|Any CPU
		{16D87114-29CB-4F8A-A4A8-8322D37B9A01}.Release|x64.Build.0 = Release|Any CPU
		{16D87114-29CB-4F8A-A4A8-8322D37B9A01}.Release|x86.ActiveCfg = Release|Any CPU
		{16D87114-29CB-4F8A-A4A8-8322D37B9A01}.Release|x86.Build.0 = Release|Any CPU
		{BAA1E579-43B3-4972-B755-23084EEBE6DE}.Debug|Any CPU.ActiveCfg = Debug|Any CPU
		{BAA1E579-43B3-4972-B755-23084EEBE6DE}.Debug|Any CPU.Build.0 = Debug|Any CPU
		{BAA1E579-43B3-4972-B755-23084EEBE6DE}.Debug|x64.ActiveCfg = Debug|Any CPU
		{BAA1E579-43B3-4972-B755-23084EEBE6DE}.Debug|x64.Build.0 = Debug|Any CPU
		{BAA1E579-43B3-4972-B755-23084EEBE6DE}.Debug|x86.ActiveCfg = Debug|Any CPU
		{BAA1E579-43B3-4972-B755-23084EEBE6DE}.Debug|x86.Build.0 = Debug|Any CPU
		{BAA1E579-43B3-4972-B755-23084EEBE6DE}.Release|Any CPU.ActiveCfg = Release|Any CPU
		{BAA1E579-43B3-4972-B755-23084EEBE6DE}.Release|Any CPU.Build.0 = Release|Any CPU
		{BAA1E579-43B3-4972-B755-23084EEBE6DE}.Release|x64.ActiveCfg = Release|Any CPU
		{BAA1E579-43B3-4972-B755-23084EEBE6DE}.Release|x64.Build.0 = Release|Any CPU
		{BAA1E579-43B3-4972-B755-23084EEBE6DE}.Release|x86.ActiveCfg = Release|Any CPU
		{BAA1E579-43B3-4972-B755-23084EEBE6DE}.Release|x86.Build.0 = Release|Any CPU
		{556729F2-C013-4D25-978B-D821C1C3452F}.Debug|Any CPU.ActiveCfg = Debug|Any CPU
		{556729F2-C013-4D25-978B-D821C1C3452F}.Debug|Any CPU.Build.0 = Debug|Any CPU
		{556729F2-C013-4D25-978B-D821C1C3452F}.Debug|x64.ActiveCfg = Debug|Any CPU
		{556729F2-C013-4D25-978B-D821C1C3452F}.Debug|x64.Build.0 = Debug|Any CPU
		{556729F2-C013-4D25-978B-D821C1C3452F}.Debug|x86.ActiveCfg = Debug|Any CPU
		{556729F2-C013-4D25-978B-D821C1C3452F}.Debug|x86.Build.0 = Debug|Any CPU
		{556729F2-C013-4D25-978B-D821C1C3452F}.Release|Any CPU.ActiveCfg = Release|Any CPU
		{556729F2-C013-4D25-978B-D821C1C3452F}.Release|Any CPU.Build.0 = Release|Any CPU
		{556729F2-C013-4D25-978B-D821C1C3452F}.Release|x64.ActiveCfg = Release|Any CPU
		{556729F2-C013-4D25-978B-D821C1C3452F}.Release|x64.Build.0 = Release|Any CPU
		{556729F2-C013-4D25-978B-D821C1C3452F}.Release|x86.ActiveCfg = Release|Any CPU
		{556729F2-C013-4D25-978B-D821C1C3452F}.Release|x86.Build.0 = Release|Any CPU
		{6C505725-732C-44AE-99DD-16E74C9EAB3F}.Debug|Any CPU.ActiveCfg = Debug|Any CPU
		{6C505725-732C-44AE-99DD-16E74C9EAB3F}.Debug|Any CPU.Build.0 = Debug|Any CPU
		{6C505725-732C-44AE-99DD-16E74C9EAB3F}.Debug|x64.ActiveCfg = Debug|Any CPU
		{6C505725-732C-44AE-99DD-16E74C9EAB3F}.Debug|x64.Build.0 = Debug|Any CPU
		{6C505725-732C-44AE-99DD-16E74C9EAB3F}.Debug|x86.ActiveCfg = Debug|Any CPU
		{6C505725-732C-44AE-99DD-16E74C9EAB3F}.Debug|x86.Build.0 = Debug|Any CPU
		{6C505725-732C-44AE-99DD-16E74C9EAB3F}.Release|Any CPU.ActiveCfg = Release|Any CPU
		{6C505725-732C-44AE-99DD-16E74C9EAB3F}.Release|Any CPU.Build.0 = Release|Any CPU
		{6C505725-732C-44AE-99DD-16E74C9EAB3F}.Release|x64.ActiveCfg = Release|Any CPU
		{6C505725-732C-44AE-99DD-16E74C9EAB3F}.Release|x64.Build.0 = Release|Any CPU
		{6C505725-732C-44AE-99DD-16E74C9EAB3F}.Release|x86.ActiveCfg = Release|Any CPU
		{6C505725-732C-44AE-99DD-16E74C9EAB3F}.Release|x86.Build.0 = Release|Any CPU
		{ADE7A824-DA4C-44DB-99F2-DE95A58ADC02}.Debug|Any CPU.ActiveCfg = Debug|Any CPU
		{ADE7A824-DA4C-44DB-99F2-DE95A58ADC02}.Debug|Any CPU.Build.0 = Debug|Any CPU
		{ADE7A824-DA4C-44DB-99F2-DE95A58ADC02}.Debug|x64.ActiveCfg = Debug|Any CPU
		{ADE7A824-DA4C-44DB-99F2-DE95A58ADC02}.Debug|x64.Build.0 = Debug|Any CPU
		{ADE7A824-DA4C-44DB-99F2-DE95A58ADC02}.Debug|x86.ActiveCfg = Debug|Any CPU
		{ADE7A824-DA4C-44DB-99F2-DE95A58ADC02}.Debug|x86.Build.0 = Debug|Any CPU
		{ADE7A824-DA4C-44DB-99F2-DE95A58ADC02}.Release|Any CPU.ActiveCfg = Release|Any CPU
		{ADE7A824-DA4C-44DB-99F2-DE95A58ADC02}.Release|Any CPU.Build.0 = Release|Any CPU
		{ADE7A824-DA4C-44DB-99F2-DE95A58ADC02}.Release|x64.ActiveCfg = Release|Any CPU
		{ADE7A824-DA4C-44DB-99F2-DE95A58ADC02}.Release|x64.Build.0 = Release|Any CPU
		{ADE7A824-DA4C-44DB-99F2-DE95A58ADC02}.Release|x86.ActiveCfg = Release|Any CPU
		{ADE7A824-DA4C-44DB-99F2-DE95A58ADC02}.Release|x86.Build.0 = Release|Any CPU
		{B2F2C652-892C-4746-8F61-286AB938A005}.Debug|Any CPU.ActiveCfg = Debug|Any CPU
		{B2F2C652-892C-4746-8F61-286AB938A005}.Debug|Any CPU.Build.0 = Debug|Any CPU
		{B2F2C652-892C-4746-8F61-286AB938A005}.Debug|x64.ActiveCfg = Debug|Any CPU
		{B2F2C652-892C-4746-8F61-286AB938A005}.Debug|x64.Build.0 = Debug|Any CPU
		{B2F2C652-892C-4746-8F61-286AB938A005}.Debug|x86.ActiveCfg = Debug|Any CPU
		{B2F2C652-892C-4746-8F61-286AB938A005}.Debug|x86.Build.0 = Debug|Any CPU
		{B2F2C652-892C-4746-8F61-286AB938A005}.Release|Any CPU.ActiveCfg = Release|Any CPU
		{B2F2C652-892C-4746-8F61-286AB938A005}.Release|Any CPU.Build.0 = Release|Any CPU
		{B2F2C652-892C-4746-8F61-286AB938A005}.Release|x64.ActiveCfg = Release|Any CPU
		{B2F2C652-892C-4746-8F61-286AB938A005}.Release|x64.Build.0 = Release|Any CPU
		{B2F2C652-892C-4746-8F61-286AB938A005}.Release|x86.ActiveCfg = Release|Any CPU
		{B2F2C652-892C-4746-8F61-286AB938A005}.Release|x86.Build.0 = Release|Any CPU
		{A1C5DE9A-BF6B-4713-B6A1-49B1A633B824}.Debug|Any CPU.ActiveCfg = Debug|Any CPU
		{A1C5DE9A-BF6B-4713-B6A1-49B1A633B824}.Debug|Any CPU.Build.0 = Debug|Any CPU
		{A1C5DE9A-BF6B-4713-B6A1-49B1A633B824}.Debug|x64.ActiveCfg = Debug|Any CPU
		{A1C5DE9A-BF6B-4713-B6A1-49B1A633B824}.Debug|x64.Build.0 = Debug|Any CPU
		{A1C5DE9A-BF6B-4713-B6A1-49B1A633B824}.Debug|x86.ActiveCfg = Debug|Any CPU
		{A1C5DE9A-BF6B-4713-B6A1-49B1A633B824}.Debug|x86.Build.0 = Debug|Any CPU
		{A1C5DE9A-BF6B-4713-B6A1-49B1A633B824}.Release|Any CPU.ActiveCfg = Release|Any CPU
		{A1C5DE9A-BF6B-4713-B6A1-49B1A633B824}.Release|Any CPU.Build.0 = Release|Any CPU
		{A1C5DE9A-BF6B-4713-B6A1-49B1A633B824}.Release|x64.ActiveCfg = Release|Any CPU
		{A1C5DE9A-BF6B-4713-B6A1-49B1A633B824}.Release|x64.Build.0 = Release|Any CPU
		{A1C5DE9A-BF6B-4713-B6A1-49B1A633B824}.Release|x86.ActiveCfg = Release|Any CPU
		{A1C5DE9A-BF6B-4713-B6A1-49B1A633B824}.Release|x86.Build.0 = Release|Any CPU
		{193297BB-AC86-4AA8-8542-7794B94DF53A}.Debug|Any CPU.ActiveCfg = Debug|Any CPU
		{193297BB-AC86-4AA8-8542-7794B94DF53A}.Debug|Any CPU.Build.0 = Debug|Any CPU
		{193297BB-AC86-4AA8-8542-7794B94DF53A}.Debug|x64.ActiveCfg = Debug|Any CPU
		{193297BB-AC86-4AA8-8542-7794B94DF53A}.Debug|x64.Build.0 = Debug|Any CPU
		{193297BB-AC86-4AA8-8542-7794B94DF53A}.Debug|x86.ActiveCfg = Debug|Any CPU
		{193297BB-AC86-4AA8-8542-7794B94DF53A}.Debug|x86.Build.0 = Debug|Any CPU
		{193297BB-AC86-4AA8-8542-7794B94DF53A}.Release|Any CPU.ActiveCfg = Release|Any CPU
		{193297BB-AC86-4AA8-8542-7794B94DF53A}.Release|Any CPU.Build.0 = Release|Any CPU
		{193297BB-AC86-4AA8-8542-7794B94DF53A}.Release|x64.ActiveCfg = Release|Any CPU
		{193297BB-AC86-4AA8-8542-7794B94DF53A}.Release|x64.Build.0 = Release|Any CPU
		{193297BB-AC86-4AA8-8542-7794B94DF53A}.Release|x86.ActiveCfg = Release|Any CPU
		{193297BB-AC86-4AA8-8542-7794B94DF53A}.Release|x86.Build.0 = Release|Any CPU
		{C6150C7A-9098-4256-B44B-F9717D83C9BB}.Debug|Any CPU.ActiveCfg = Debug|Any CPU
		{C6150C7A-9098-4256-B44B-F9717D83C9BB}.Debug|Any CPU.Build.0 = Debug|Any CPU
		{C6150C7A-9098-4256-B44B-F9717D83C9BB}.Debug|x64.ActiveCfg = Debug|Any CPU
		{C6150C7A-9098-4256-B44B-F9717D83C9BB}.Debug|x64.Build.0 = Debug|Any CPU
		{C6150C7A-9098-4256-B44B-F9717D83C9BB}.Debug|x86.ActiveCfg = Debug|Any CPU
		{C6150C7A-9098-4256-B44B-F9717D83C9BB}.Debug|x86.Build.0 = Debug|Any CPU
		{C6150C7A-9098-4256-B44B-F9717D83C9BB}.Release|Any CPU.ActiveCfg = Release|Any CPU
		{C6150C7A-9098-4256-B44B-F9717D83C9BB}.Release|Any CPU.Build.0 = Release|Any CPU
		{C6150C7A-9098-4256-B44B-F9717D83C9BB}.Release|x64.ActiveCfg = Release|Any CPU
		{C6150C7A-9098-4256-B44B-F9717D83C9BB}.Release|x64.Build.0 = Release|Any CPU
		{C6150C7A-9098-4256-B44B-F9717D83C9BB}.Release|x86.ActiveCfg = Release|Any CPU
		{C6150C7A-9098-4256-B44B-F9717D83C9BB}.Release|x86.Build.0 = Release|Any CPU
		{41199FAA-0C31-48EC-9089-2CD706D1EAB6}.Debug|Any CPU.ActiveCfg = Debug|Any CPU
		{41199FAA-0C31-48EC-9089-2CD706D1EAB6}.Debug|Any CPU.Build.0 = Debug|Any CPU
		{41199FAA-0C31-48EC-9089-2CD706D1EAB6}.Debug|x64.ActiveCfg = Debug|Any CPU
		{41199FAA-0C31-48EC-9089-2CD706D1EAB6}.Debug|x64.Build.0 = Debug|Any CPU
		{41199FAA-0C31-48EC-9089-2CD706D1EAB6}.Debug|x86.ActiveCfg = Debug|Any CPU
		{41199FAA-0C31-48EC-9089-2CD706D1EAB6}.Debug|x86.Build.0 = Debug|Any CPU
		{41199FAA-0C31-48EC-9089-2CD706D1EAB6}.Release|Any CPU.ActiveCfg = Release|Any CPU
		{41199FAA-0C31-48EC-9089-2CD706D1EAB6}.Release|Any CPU.Build.0 = Release|Any CPU
		{41199FAA-0C31-48EC-9089-2CD706D1EAB6}.Release|x64.ActiveCfg = Release|Any CPU
		{41199FAA-0C31-48EC-9089-2CD706D1EAB6}.Release|x64.Build.0 = Release|Any CPU
		{41199FAA-0C31-48EC-9089-2CD706D1EAB6}.Release|x86.ActiveCfg = Release|Any CPU
		{41199FAA-0C31-48EC-9089-2CD706D1EAB6}.Release|x86.Build.0 = Release|Any CPU
		{9EDD7C12-E60C-4B5B-B8A5-D51C07CB757E}.Debug|Any CPU.ActiveCfg = Debug|Any CPU
		{9EDD7C12-E60C-4B5B-B8A5-D51C07CB757E}.Debug|Any CPU.Build.0 = Debug|Any CPU
		{9EDD7C12-E60C-4B5B-B8A5-D51C07CB757E}.Debug|x64.ActiveCfg = Debug|Any CPU
		{9EDD7C12-E60C-4B5B-B8A5-D51C07CB757E}.Debug|x64.Build.0 = Debug|Any CPU
		{9EDD7C12-E60C-4B5B-B8A5-D51C07CB757E}.Debug|x86.ActiveCfg = Debug|Any CPU
		{9EDD7C12-E60C-4B5B-B8A5-D51C07CB757E}.Debug|x86.Build.0 = Debug|Any CPU
		{9EDD7C12-E60C-4B5B-B8A5-D51C07CB757E}.Release|Any CPU.ActiveCfg = Release|Any CPU
		{9EDD7C12-E60C-4B5B-B8A5-D51C07CB757E}.Release|Any CPU.Build.0 = Release|Any CPU
		{9EDD7C12-E60C-4B5B-B8A5-D51C07CB757E}.Release|x64.ActiveCfg = Release|Any CPU
		{9EDD7C12-E60C-4B5B-B8A5-D51C07CB757E}.Release|x64.Build.0 = Release|Any CPU
		{9EDD7C12-E60C-4B5B-B8A5-D51C07CB757E}.Release|x86.ActiveCfg = Release|Any CPU
		{9EDD7C12-E60C-4B5B-B8A5-D51C07CB757E}.Release|x86.Build.0 = Release|Any CPU
		{9BE49992-76D7-4607-9B45-6F7A6D7C1024}.Debug|Any CPU.ActiveCfg = Debug|Any CPU
		{9BE49992-76D7-4607-9B45-6F7A6D7C1024}.Debug|Any CPU.Build.0 = Debug|Any CPU
		{9BE49992-76D7-4607-9B45-6F7A6D7C1024}.Debug|x64.ActiveCfg = Debug|Any CPU
		{9BE49992-76D7-4607-9B45-6F7A6D7C1024}.Debug|x64.Build.0 = Debug|Any CPU
		{9BE49992-76D7-4607-9B45-6F7A6D7C1024}.Debug|x86.ActiveCfg = Debug|Any CPU
		{9BE49992-76D7-4607-9B45-6F7A6D7C1024}.Debug|x86.Build.0 = Debug|Any CPU
		{9BE49992-76D7-4607-9B45-6F7A6D7C1024}.Release|Any CPU.ActiveCfg = Release|Any CPU
		{9BE49992-76D7-4607-9B45-6F7A6D7C1024}.Release|Any CPU.Build.0 = Release|Any CPU
		{9BE49992-76D7-4607-9B45-6F7A6D7C1024}.Release|x64.ActiveCfg = Release|Any CPU
		{9BE49992-76D7-4607-9B45-6F7A6D7C1024}.Release|x64.Build.0 = Release|Any CPU
		{9BE49992-76D7-4607-9B45-6F7A6D7C1024}.Release|x86.ActiveCfg = Release|Any CPU
		{9BE49992-76D7-4607-9B45-6F7A6D7C1024}.Release|x86.Build.0 = Release|Any CPU
		{516CD46C-3BCC-4027-AA2D-99AC6F1BD504}.Debug|Any CPU.ActiveCfg = Debug|Any CPU
		{516CD46C-3BCC-4027-AA2D-99AC6F1BD504}.Debug|Any CPU.Build.0 = Debug|Any CPU
		{516CD46C-3BCC-4027-AA2D-99AC6F1BD504}.Debug|x64.ActiveCfg = Debug|Any CPU
		{516CD46C-3BCC-4027-AA2D-99AC6F1BD504}.Debug|x64.Build.0 = Debug|Any CPU
		{516CD46C-3BCC-4027-AA2D-99AC6F1BD504}.Debug|x86.ActiveCfg = Debug|Any CPU
		{516CD46C-3BCC-4027-AA2D-99AC6F1BD504}.Debug|x86.Build.0 = Debug|Any CPU
		{516CD46C-3BCC-4027-AA2D-99AC6F1BD504}.Release|Any CPU.ActiveCfg = Release|Any CPU
		{516CD46C-3BCC-4027-AA2D-99AC6F1BD504}.Release|Any CPU.Build.0 = Release|Any CPU
		{516CD46C-3BCC-4027-AA2D-99AC6F1BD504}.Release|x64.ActiveCfg = Release|Any CPU
		{516CD46C-3BCC-4027-AA2D-99AC6F1BD504}.Release|x64.Build.0 = Release|Any CPU
		{516CD46C-3BCC-4027-AA2D-99AC6F1BD504}.Release|x86.ActiveCfg = Release|Any CPU
		{516CD46C-3BCC-4027-AA2D-99AC6F1BD504}.Release|x86.Build.0 = Release|Any CPU
		{1AD181B4-CC95-4959-917E-5FEAEF747F52}.Debug|Any CPU.ActiveCfg = Debug|Any CPU
		{1AD181B4-CC95-4959-917E-5FEAEF747F52}.Debug|Any CPU.Build.0 = Debug|Any CPU
		{1AD181B4-CC95-4959-917E-5FEAEF747F52}.Debug|x64.ActiveCfg = Debug|Any CPU
		{1AD181B4-CC95-4959-917E-5FEAEF747F52}.Debug|x64.Build.0 = Debug|Any CPU
		{1AD181B4-CC95-4959-917E-5FEAEF747F52}.Debug|x86.ActiveCfg = Debug|Any CPU
		{1AD181B4-CC95-4959-917E-5FEAEF747F52}.Debug|x86.Build.0 = Debug|Any CPU
		{1AD181B4-CC95-4959-917E-5FEAEF747F52}.Release|Any CPU.ActiveCfg = Release|Any CPU
		{1AD181B4-CC95-4959-917E-5FEAEF747F52}.Release|Any CPU.Build.0 = Release|Any CPU
		{1AD181B4-CC95-4959-917E-5FEAEF747F52}.Release|x64.ActiveCfg = Release|Any CPU
		{1AD181B4-CC95-4959-917E-5FEAEF747F52}.Release|x64.Build.0 = Release|Any CPU
		{1AD181B4-CC95-4959-917E-5FEAEF747F52}.Release|x86.ActiveCfg = Release|Any CPU
		{1AD181B4-CC95-4959-917E-5FEAEF747F52}.Release|x86.Build.0 = Release|Any CPU
		{343F79FE-E21C-41DB-A228-2819E1B41B3E}.Debug|Any CPU.ActiveCfg = Debug|Any CPU
		{343F79FE-E21C-41DB-A228-2819E1B41B3E}.Debug|Any CPU.Build.0 = Debug|Any CPU
		{343F79FE-E21C-41DB-A228-2819E1B41B3E}.Debug|x64.ActiveCfg = Debug|Any CPU
		{343F79FE-E21C-41DB-A228-2819E1B41B3E}.Debug|x64.Build.0 = Debug|Any CPU
		{343F79FE-E21C-41DB-A228-2819E1B41B3E}.Debug|x86.ActiveCfg = Debug|Any CPU
		{343F79FE-E21C-41DB-A228-2819E1B41B3E}.Debug|x86.Build.0 = Debug|Any CPU
		{343F79FE-E21C-41DB-A228-2819E1B41B3E}.Release|Any CPU.ActiveCfg = Release|Any CPU
		{343F79FE-E21C-41DB-A228-2819E1B41B3E}.Release|Any CPU.Build.0 = Release|Any CPU
		{343F79FE-E21C-41DB-A228-2819E1B41B3E}.Release|x64.ActiveCfg = Release|Any CPU
		{343F79FE-E21C-41DB-A228-2819E1B41B3E}.Release|x64.Build.0 = Release|Any CPU
		{343F79FE-E21C-41DB-A228-2819E1B41B3E}.Release|x86.ActiveCfg = Release|Any CPU
		{343F79FE-E21C-41DB-A228-2819E1B41B3E}.Release|x86.Build.0 = Release|Any CPU
		{C859D3C0-510C-45AA-8DC0-6E247AFEF7E3}.Debug|Any CPU.ActiveCfg = Debug|Any CPU
		{C859D3C0-510C-45AA-8DC0-6E247AFEF7E3}.Debug|Any CPU.Build.0 = Debug|Any CPU
		{C859D3C0-510C-45AA-8DC0-6E247AFEF7E3}.Debug|x64.ActiveCfg = Debug|Any CPU
		{C859D3C0-510C-45AA-8DC0-6E247AFEF7E3}.Debug|x64.Build.0 = Debug|Any CPU
		{C859D3C0-510C-45AA-8DC0-6E247AFEF7E3}.Debug|x86.ActiveCfg = Debug|Any CPU
		{C859D3C0-510C-45AA-8DC0-6E247AFEF7E3}.Debug|x86.Build.0 = Debug|Any CPU
		{C859D3C0-510C-45AA-8DC0-6E247AFEF7E3}.Release|Any CPU.ActiveCfg = Release|Any CPU
		{C859D3C0-510C-45AA-8DC0-6E247AFEF7E3}.Release|Any CPU.Build.0 = Release|Any CPU
		{C859D3C0-510C-45AA-8DC0-6E247AFEF7E3}.Release|x64.ActiveCfg = Release|Any CPU
		{C859D3C0-510C-45AA-8DC0-6E247AFEF7E3}.Release|x64.Build.0 = Release|Any CPU
		{C859D3C0-510C-45AA-8DC0-6E247AFEF7E3}.Release|x86.ActiveCfg = Release|Any CPU
		{C859D3C0-510C-45AA-8DC0-6E247AFEF7E3}.Release|x86.Build.0 = Release|Any CPU
		{2683909D-0B26-493A-AFFC-861B1238D07E}.Debug|Any CPU.ActiveCfg = Debug|Any CPU
		{2683909D-0B26-493A-AFFC-861B1238D07E}.Debug|Any CPU.Build.0 = Debug|Any CPU
		{2683909D-0B26-493A-AFFC-861B1238D07E}.Debug|x64.ActiveCfg = Debug|Any CPU
		{2683909D-0B26-493A-AFFC-861B1238D07E}.Debug|x64.Build.0 = Debug|Any CPU
		{2683909D-0B26-493A-AFFC-861B1238D07E}.Debug|x86.ActiveCfg = Debug|Any CPU
		{2683909D-0B26-493A-AFFC-861B1238D07E}.Debug|x86.Build.0 = Debug|Any CPU
		{2683909D-0B26-493A-AFFC-861B1238D07E}.Release|Any CPU.ActiveCfg = Release|Any CPU
		{2683909D-0B26-493A-AFFC-861B1238D07E}.Release|Any CPU.Build.0 = Release|Any CPU
		{2683909D-0B26-493A-AFFC-861B1238D07E}.Release|x64.ActiveCfg = Release|Any CPU
		{2683909D-0B26-493A-AFFC-861B1238D07E}.Release|x64.Build.0 = Release|Any CPU
		{2683909D-0B26-493A-AFFC-861B1238D07E}.Release|x86.ActiveCfg = Release|Any CPU
		{2683909D-0B26-493A-AFFC-861B1238D07E}.Release|x86.Build.0 = Release|Any CPU
		{A42CBE37-357A-48CF-AD16-19EC066AC6E7}.Debug|Any CPU.ActiveCfg = Debug|Any CPU
		{A42CBE37-357A-48CF-AD16-19EC066AC6E7}.Debug|Any CPU.Build.0 = Debug|Any CPU
		{A42CBE37-357A-48CF-AD16-19EC066AC6E7}.Debug|x64.ActiveCfg = Debug|Any CPU
		{A42CBE37-357A-48CF-AD16-19EC066AC6E7}.Debug|x64.Build.0 = Debug|Any CPU
		{A42CBE37-357A-48CF-AD16-19EC066AC6E7}.Debug|x86.ActiveCfg = Debug|Any CPU
		{A42CBE37-357A-48CF-AD16-19EC066AC6E7}.Debug|x86.Build.0 = Debug|Any CPU
		{A42CBE37-357A-48CF-AD16-19EC066AC6E7}.Release|Any CPU.ActiveCfg = Release|Any CPU
		{A42CBE37-357A-48CF-AD16-19EC066AC6E7}.Release|Any CPU.Build.0 = Release|Any CPU
		{A42CBE37-357A-48CF-AD16-19EC066AC6E7}.Release|x64.ActiveCfg = Release|Any CPU
		{A42CBE37-357A-48CF-AD16-19EC066AC6E7}.Release|x64.Build.0 = Release|Any CPU
		{A42CBE37-357A-48CF-AD16-19EC066AC6E7}.Release|x86.ActiveCfg = Release|Any CPU
		{A42CBE37-357A-48CF-AD16-19EC066AC6E7}.Release|x86.Build.0 = Release|Any CPU
		{E9348C48-9D1D-4C68-8A37-9F52CF42C8DB}.Debug|Any CPU.ActiveCfg = Debug|Any CPU
		{E9348C48-9D1D-4C68-8A37-9F52CF42C8DB}.Debug|Any CPU.Build.0 = Debug|Any CPU
		{E9348C48-9D1D-4C68-8A37-9F52CF42C8DB}.Debug|x64.ActiveCfg = Debug|Any CPU
		{E9348C48-9D1D-4C68-8A37-9F52CF42C8DB}.Debug|x64.Build.0 = Debug|Any CPU
		{E9348C48-9D1D-4C68-8A37-9F52CF42C8DB}.Debug|x86.ActiveCfg = Debug|Any CPU
		{E9348C48-9D1D-4C68-8A37-9F52CF42C8DB}.Debug|x86.Build.0 = Debug|Any CPU
		{E9348C48-9D1D-4C68-8A37-9F52CF42C8DB}.Release|Any CPU.ActiveCfg = Release|Any CPU
		{E9348C48-9D1D-4C68-8A37-9F52CF42C8DB}.Release|Any CPU.Build.0 = Release|Any CPU
		{E9348C48-9D1D-4C68-8A37-9F52CF42C8DB}.Release|x64.ActiveCfg = Release|Any CPU
		{E9348C48-9D1D-4C68-8A37-9F52CF42C8DB}.Release|x64.Build.0 = Release|Any CPU
		{E9348C48-9D1D-4C68-8A37-9F52CF42C8DB}.Release|x86.ActiveCfg = Release|Any CPU
		{E9348C48-9D1D-4C68-8A37-9F52CF42C8DB}.Release|x86.Build.0 = Release|Any CPU
		{D33EB5DD-D9BA-4926-B5FC-B3DF98F0A5F9}.Debug|Any CPU.ActiveCfg = Debug|Any CPU
		{D33EB5DD-D9BA-4926-B5FC-B3DF98F0A5F9}.Debug|Any CPU.Build.0 = Debug|Any CPU
		{D33EB5DD-D9BA-4926-B5FC-B3DF98F0A5F9}.Debug|x64.ActiveCfg = Debug|Any CPU
		{D33EB5DD-D9BA-4926-B5FC-B3DF98F0A5F9}.Debug|x64.Build.0 = Debug|Any CPU
		{D33EB5DD-D9BA-4926-B5FC-B3DF98F0A5F9}.Debug|x86.ActiveCfg = Debug|Any CPU
		{D33EB5DD-D9BA-4926-B5FC-B3DF98F0A5F9}.Debug|x86.Build.0 = Debug|Any CPU
		{D33EB5DD-D9BA-4926-B5FC-B3DF98F0A5F9}.Release|Any CPU.ActiveCfg = Release|Any CPU
		{D33EB5DD-D9BA-4926-B5FC-B3DF98F0A5F9}.Release|Any CPU.Build.0 = Release|Any CPU
		{D33EB5DD-D9BA-4926-B5FC-B3DF98F0A5F9}.Release|x64.ActiveCfg = Release|Any CPU
		{D33EB5DD-D9BA-4926-B5FC-B3DF98F0A5F9}.Release|x64.Build.0 = Release|Any CPU
		{D33EB5DD-D9BA-4926-B5FC-B3DF98F0A5F9}.Release|x86.ActiveCfg = Release|Any CPU
		{D33EB5DD-D9BA-4926-B5FC-B3DF98F0A5F9}.Release|x86.Build.0 = Release|Any CPU
		{1729DE52-FDD0-4EA7-AD6A-6B4F318E7358}.Debug|Any CPU.ActiveCfg = Debug|Any CPU
		{1729DE52-FDD0-4EA7-AD6A-6B4F318E7358}.Debug|Any CPU.Build.0 = Debug|Any CPU
		{1729DE52-FDD0-4EA7-AD6A-6B4F318E7358}.Debug|x64.ActiveCfg = Debug|Any CPU
		{1729DE52-FDD0-4EA7-AD6A-6B4F318E7358}.Debug|x64.Build.0 = Debug|Any CPU
		{1729DE52-FDD0-4EA7-AD6A-6B4F318E7358}.Debug|x86.ActiveCfg = Debug|Any CPU
		{1729DE52-FDD0-4EA7-AD6A-6B4F318E7358}.Debug|x86.Build.0 = Debug|Any CPU
		{1729DE52-FDD0-4EA7-AD6A-6B4F318E7358}.Release|Any CPU.ActiveCfg = Release|Any CPU
		{1729DE52-FDD0-4EA7-AD6A-6B4F318E7358}.Release|Any CPU.Build.0 = Release|Any CPU
		{1729DE52-FDD0-4EA7-AD6A-6B4F318E7358}.Release|x64.ActiveCfg = Release|Any CPU
		{1729DE52-FDD0-4EA7-AD6A-6B4F318E7358}.Release|x64.Build.0 = Release|Any CPU
		{1729DE52-FDD0-4EA7-AD6A-6B4F318E7358}.Release|x86.ActiveCfg = Release|Any CPU
		{1729DE52-FDD0-4EA7-AD6A-6B4F318E7358}.Release|x86.Build.0 = Release|Any CPU
		{8C65BF32-675C-44AD-A889-6B48608ED88F}.Debug|Any CPU.ActiveCfg = Debug|Any CPU
		{8C65BF32-675C-44AD-A889-6B48608ED88F}.Debug|Any CPU.Build.0 = Debug|Any CPU
		{8C65BF32-675C-44AD-A889-6B48608ED88F}.Debug|x64.ActiveCfg = Debug|Any CPU
		{8C65BF32-675C-44AD-A889-6B48608ED88F}.Debug|x64.Build.0 = Debug|Any CPU
		{8C65BF32-675C-44AD-A889-6B48608ED88F}.Debug|x86.ActiveCfg = Debug|Any CPU
		{8C65BF32-675C-44AD-A889-6B48608ED88F}.Debug|x86.Build.0 = Debug|Any CPU
		{8C65BF32-675C-44AD-A889-6B48608ED88F}.Release|Any CPU.ActiveCfg = Release|Any CPU
		{8C65BF32-675C-44AD-A889-6B48608ED88F}.Release|Any CPU.Build.0 = Release|Any CPU
		{8C65BF32-675C-44AD-A889-6B48608ED88F}.Release|x64.ActiveCfg = Release|Any CPU
		{8C65BF32-675C-44AD-A889-6B48608ED88F}.Release|x64.Build.0 = Release|Any CPU
		{8C65BF32-675C-44AD-A889-6B48608ED88F}.Release|x86.ActiveCfg = Release|Any CPU
		{8C65BF32-675C-44AD-A889-6B48608ED88F}.Release|x86.Build.0 = Release|Any CPU
		{263519DD-7FC4-47D1-9288-5F3F7458F45C}.Debug|Any CPU.ActiveCfg = Debug|Any CPU
		{263519DD-7FC4-47D1-9288-5F3F7458F45C}.Debug|Any CPU.Build.0 = Debug|Any CPU
		{263519DD-7FC4-47D1-9288-5F3F7458F45C}.Debug|x64.ActiveCfg = Debug|Any CPU
		{263519DD-7FC4-47D1-9288-5F3F7458F45C}.Debug|x64.Build.0 = Debug|Any CPU
		{263519DD-7FC4-47D1-9288-5F3F7458F45C}.Debug|x86.ActiveCfg = Debug|Any CPU
		{263519DD-7FC4-47D1-9288-5F3F7458F45C}.Debug|x86.Build.0 = Debug|Any CPU
		{263519DD-7FC4-47D1-9288-5F3F7458F45C}.Release|Any CPU.ActiveCfg = Release|Any CPU
		{263519DD-7FC4-47D1-9288-5F3F7458F45C}.Release|Any CPU.Build.0 = Release|Any CPU
		{263519DD-7FC4-47D1-9288-5F3F7458F45C}.Release|x64.ActiveCfg = Release|Any CPU
		{263519DD-7FC4-47D1-9288-5F3F7458F45C}.Release|x64.Build.0 = Release|Any CPU
		{263519DD-7FC4-47D1-9288-5F3F7458F45C}.Release|x86.ActiveCfg = Release|Any CPU
		{263519DD-7FC4-47D1-9288-5F3F7458F45C}.Release|x86.Build.0 = Release|Any CPU
		{DC949D9D-943D-4BCD-93CC-FEE80ADA5762}.Debug|Any CPU.ActiveCfg = Debug|Any CPU
		{DC949D9D-943D-4BCD-93CC-FEE80ADA5762}.Debug|Any CPU.Build.0 = Debug|Any CPU
		{DC949D9D-943D-4BCD-93CC-FEE80ADA5762}.Debug|x64.ActiveCfg = Debug|Any CPU
		{DC949D9D-943D-4BCD-93CC-FEE80ADA5762}.Debug|x64.Build.0 = Debug|Any CPU
		{DC949D9D-943D-4BCD-93CC-FEE80ADA5762}.Debug|x86.ActiveCfg = Debug|Any CPU
		{DC949D9D-943D-4BCD-93CC-FEE80ADA5762}.Debug|x86.Build.0 = Debug|Any CPU
		{DC949D9D-943D-4BCD-93CC-FEE80ADA5762}.Release|Any CPU.ActiveCfg = Release|Any CPU
		{DC949D9D-943D-4BCD-93CC-FEE80ADA5762}.Release|Any CPU.Build.0 = Release|Any CPU
		{DC949D9D-943D-4BCD-93CC-FEE80ADA5762}.Release|x64.ActiveCfg = Release|Any CPU
		{DC949D9D-943D-4BCD-93CC-FEE80ADA5762}.Release|x64.Build.0 = Release|Any CPU
		{DC949D9D-943D-4BCD-93CC-FEE80ADA5762}.Release|x86.ActiveCfg = Release|Any CPU
		{DC949D9D-943D-4BCD-93CC-FEE80ADA5762}.Release|x86.Build.0 = Release|Any CPU
		{2944B948-C2C3-48E7-8AC6-6D28C371FA47}.Debug|Any CPU.ActiveCfg = Debug|Any CPU
		{2944B948-C2C3-48E7-8AC6-6D28C371FA47}.Debug|Any CPU.Build.0 = Debug|Any CPU
		{2944B948-C2C3-48E7-8AC6-6D28C371FA47}.Debug|x64.ActiveCfg = Debug|Any CPU
		{2944B948-C2C3-48E7-8AC6-6D28C371FA47}.Debug|x64.Build.0 = Debug|Any CPU
		{2944B948-C2C3-48E7-8AC6-6D28C371FA47}.Debug|x86.ActiveCfg = Debug|Any CPU
		{2944B948-C2C3-48E7-8AC6-6D28C371FA47}.Debug|x86.Build.0 = Debug|Any CPU
		{2944B948-C2C3-48E7-8AC6-6D28C371FA47}.Release|Any CPU.ActiveCfg = Release|Any CPU
		{2944B948-C2C3-48E7-8AC6-6D28C371FA47}.Release|Any CPU.Build.0 = Release|Any CPU
		{2944B948-C2C3-48E7-8AC6-6D28C371FA47}.Release|x64.ActiveCfg = Release|Any CPU
		{2944B948-C2C3-48E7-8AC6-6D28C371FA47}.Release|x64.Build.0 = Release|Any CPU
		{2944B948-C2C3-48E7-8AC6-6D28C371FA47}.Release|x86.ActiveCfg = Release|Any CPU
		{2944B948-C2C3-48E7-8AC6-6D28C371FA47}.Release|x86.Build.0 = Release|Any CPU
		{499FE71F-2851-46FF-AACB-E2A557A7C888}.Debug|Any CPU.ActiveCfg = Debug|Any CPU
		{499FE71F-2851-46FF-AACB-E2A557A7C888}.Debug|Any CPU.Build.0 = Debug|Any CPU
		{499FE71F-2851-46FF-AACB-E2A557A7C888}.Debug|x64.ActiveCfg = Debug|Any CPU
		{499FE71F-2851-46FF-AACB-E2A557A7C888}.Debug|x64.Build.0 = Debug|Any CPU
		{499FE71F-2851-46FF-AACB-E2A557A7C888}.Debug|x86.ActiveCfg = Debug|Any CPU
		{499FE71F-2851-46FF-AACB-E2A557A7C888}.Debug|x86.Build.0 = Debug|Any CPU
		{499FE71F-2851-46FF-AACB-E2A557A7C888}.Release|Any CPU.ActiveCfg = Release|Any CPU
		{499FE71F-2851-46FF-AACB-E2A557A7C888}.Release|Any CPU.Build.0 = Release|Any CPU
		{499FE71F-2851-46FF-AACB-E2A557A7C888}.Release|x64.ActiveCfg = Release|Any CPU
		{499FE71F-2851-46FF-AACB-E2A557A7C888}.Release|x64.Build.0 = Release|Any CPU
		{499FE71F-2851-46FF-AACB-E2A557A7C888}.Release|x86.ActiveCfg = Release|Any CPU
		{499FE71F-2851-46FF-AACB-E2A557A7C888}.Release|x86.Build.0 = Release|Any CPU
		{5277250D-035F-4B68-8324-EED51980DE41}.Debug|Any CPU.ActiveCfg = Debug|Any CPU
		{5277250D-035F-4B68-8324-EED51980DE41}.Debug|Any CPU.Build.0 = Debug|Any CPU
		{5277250D-035F-4B68-8324-EED51980DE41}.Debug|x64.ActiveCfg = Debug|Any CPU
		{5277250D-035F-4B68-8324-EED51980DE41}.Debug|x64.Build.0 = Debug|Any CPU
		{5277250D-035F-4B68-8324-EED51980DE41}.Debug|x86.ActiveCfg = Debug|Any CPU
		{5277250D-035F-4B68-8324-EED51980DE41}.Debug|x86.Build.0 = Debug|Any CPU
		{5277250D-035F-4B68-8324-EED51980DE41}.Release|Any CPU.ActiveCfg = Release|Any CPU
		{5277250D-035F-4B68-8324-EED51980DE41}.Release|Any CPU.Build.0 = Release|Any CPU
		{5277250D-035F-4B68-8324-EED51980DE41}.Release|x64.ActiveCfg = Release|Any CPU
		{5277250D-035F-4B68-8324-EED51980DE41}.Release|x64.Build.0 = Release|Any CPU
		{5277250D-035F-4B68-8324-EED51980DE41}.Release|x86.ActiveCfg = Release|Any CPU
		{5277250D-035F-4B68-8324-EED51980DE41}.Release|x86.Build.0 = Release|Any CPU
		{0DD39C66-1C1A-4B7E-905D-8D216F9FF758}.Debug|Any CPU.ActiveCfg = Debug|Any CPU
		{0DD39C66-1C1A-4B7E-905D-8D216F9FF758}.Debug|Any CPU.Build.0 = Debug|Any CPU
		{0DD39C66-1C1A-4B7E-905D-8D216F9FF758}.Debug|x64.ActiveCfg = Debug|Any CPU
		{0DD39C66-1C1A-4B7E-905D-8D216F9FF758}.Debug|x64.Build.0 = Debug|Any CPU
		{0DD39C66-1C1A-4B7E-905D-8D216F9FF758}.Debug|x86.ActiveCfg = Debug|Any CPU
		{0DD39C66-1C1A-4B7E-905D-8D216F9FF758}.Debug|x86.Build.0 = Debug|Any CPU
		{0DD39C66-1C1A-4B7E-905D-8D216F9FF758}.Release|Any CPU.ActiveCfg = Release|Any CPU
		{0DD39C66-1C1A-4B7E-905D-8D216F9FF758}.Release|Any CPU.Build.0 = Release|Any CPU
		{0DD39C66-1C1A-4B7E-905D-8D216F9FF758}.Release|x64.ActiveCfg = Release|Any CPU
		{0DD39C66-1C1A-4B7E-905D-8D216F9FF758}.Release|x64.Build.0 = Release|Any CPU
		{0DD39C66-1C1A-4B7E-905D-8D216F9FF758}.Release|x86.ActiveCfg = Release|Any CPU
		{0DD39C66-1C1A-4B7E-905D-8D216F9FF758}.Release|x86.Build.0 = Release|Any CPU
		{30801978-CF80-4C5A-A351-BDB9C2566C19}.Debug|Any CPU.ActiveCfg = Debug|Any CPU
		{30801978-CF80-4C5A-A351-BDB9C2566C19}.Debug|Any CPU.Build.0 = Debug|Any CPU
		{30801978-CF80-4C5A-A351-BDB9C2566C19}.Debug|x64.ActiveCfg = Debug|Any CPU
		{30801978-CF80-4C5A-A351-BDB9C2566C19}.Debug|x64.Build.0 = Debug|Any CPU
		{30801978-CF80-4C5A-A351-BDB9C2566C19}.Debug|x86.ActiveCfg = Debug|Any CPU
		{30801978-CF80-4C5A-A351-BDB9C2566C19}.Debug|x86.Build.0 = Debug|Any CPU
		{30801978-CF80-4C5A-A351-BDB9C2566C19}.Release|Any CPU.ActiveCfg = Release|Any CPU
		{30801978-CF80-4C5A-A351-BDB9C2566C19}.Release|Any CPU.Build.0 = Release|Any CPU
		{30801978-CF80-4C5A-A351-BDB9C2566C19}.Release|x64.ActiveCfg = Release|Any CPU
		{30801978-CF80-4C5A-A351-BDB9C2566C19}.Release|x64.Build.0 = Release|Any CPU
		{30801978-CF80-4C5A-A351-BDB9C2566C19}.Release|x86.ActiveCfg = Release|Any CPU
		{30801978-CF80-4C5A-A351-BDB9C2566C19}.Release|x86.Build.0 = Release|Any CPU
		{909F98BC-7FAD-4993-8768-09C52EDE5414}.Debug|Any CPU.ActiveCfg = Debug|Any CPU
		{909F98BC-7FAD-4993-8768-09C52EDE5414}.Debug|Any CPU.Build.0 = Debug|Any CPU
		{909F98BC-7FAD-4993-8768-09C52EDE5414}.Debug|x64.ActiveCfg = Debug|Any CPU
		{909F98BC-7FAD-4993-8768-09C52EDE5414}.Debug|x64.Build.0 = Debug|Any CPU
		{909F98BC-7FAD-4993-8768-09C52EDE5414}.Debug|x86.ActiveCfg = Debug|Any CPU
		{909F98BC-7FAD-4993-8768-09C52EDE5414}.Debug|x86.Build.0 = Debug|Any CPU
		{909F98BC-7FAD-4993-8768-09C52EDE5414}.Release|Any CPU.ActiveCfg = Release|Any CPU
		{909F98BC-7FAD-4993-8768-09C52EDE5414}.Release|Any CPU.Build.0 = Release|Any CPU
		{909F98BC-7FAD-4993-8768-09C52EDE5414}.Release|x64.ActiveCfg = Release|Any CPU
		{909F98BC-7FAD-4993-8768-09C52EDE5414}.Release|x64.Build.0 = Release|Any CPU
		{909F98BC-7FAD-4993-8768-09C52EDE5414}.Release|x86.ActiveCfg = Release|Any CPU
		{909F98BC-7FAD-4993-8768-09C52EDE5414}.Release|x86.Build.0 = Release|Any CPU
		{C9AF1606-CCE5-4020-A2A4-5DF2759B0702}.Debug|Any CPU.ActiveCfg = Debug|Any CPU
		{C9AF1606-CCE5-4020-A2A4-5DF2759B0702}.Debug|Any CPU.Build.0 = Debug|Any CPU
		{C9AF1606-CCE5-4020-A2A4-5DF2759B0702}.Debug|x64.ActiveCfg = Debug|Any CPU
		{C9AF1606-CCE5-4020-A2A4-5DF2759B0702}.Debug|x64.Build.0 = Debug|Any CPU
		{C9AF1606-CCE5-4020-A2A4-5DF2759B0702}.Debug|x86.ActiveCfg = Debug|Any CPU
		{C9AF1606-CCE5-4020-A2A4-5DF2759B0702}.Debug|x86.Build.0 = Debug|Any CPU
		{C9AF1606-CCE5-4020-A2A4-5DF2759B0702}.Release|Any CPU.ActiveCfg = Release|Any CPU
		{C9AF1606-CCE5-4020-A2A4-5DF2759B0702}.Release|Any CPU.Build.0 = Release|Any CPU
		{C9AF1606-CCE5-4020-A2A4-5DF2759B0702}.Release|x64.ActiveCfg = Release|Any CPU
		{C9AF1606-CCE5-4020-A2A4-5DF2759B0702}.Release|x64.Build.0 = Release|Any CPU
		{C9AF1606-CCE5-4020-A2A4-5DF2759B0702}.Release|x86.ActiveCfg = Release|Any CPU
		{C9AF1606-CCE5-4020-A2A4-5DF2759B0702}.Release|x86.Build.0 = Release|Any CPU
		{BCED878D-F2A4-41F5-927D-3F9E9811553D}.Debug|Any CPU.ActiveCfg = Debug|Any CPU
		{BCED878D-F2A4-41F5-927D-3F9E9811553D}.Debug|Any CPU.Build.0 = Debug|Any CPU
		{BCED878D-F2A4-41F5-927D-3F9E9811553D}.Debug|x64.ActiveCfg = Debug|Any CPU
		{BCED878D-F2A4-41F5-927D-3F9E9811553D}.Debug|x64.Build.0 = Debug|Any CPU
		{BCED878D-F2A4-41F5-927D-3F9E9811553D}.Debug|x86.ActiveCfg = Debug|Any CPU
		{BCED878D-F2A4-41F5-927D-3F9E9811553D}.Debug|x86.Build.0 = Debug|Any CPU
		{BCED878D-F2A4-41F5-927D-3F9E9811553D}.Release|Any CPU.ActiveCfg = Release|Any CPU
		{BCED878D-F2A4-41F5-927D-3F9E9811553D}.Release|Any CPU.Build.0 = Release|Any CPU
		{BCED878D-F2A4-41F5-927D-3F9E9811553D}.Release|x64.ActiveCfg = Release|Any CPU
		{BCED878D-F2A4-41F5-927D-3F9E9811553D}.Release|x64.Build.0 = Release|Any CPU
		{BCED878D-F2A4-41F5-927D-3F9E9811553D}.Release|x86.ActiveCfg = Release|Any CPU
		{BCED878D-F2A4-41F5-927D-3F9E9811553D}.Release|x86.Build.0 = Release|Any CPU
		{AEDC0A0E-AB3C-410F-861C-513B8C6B4A1F}.Debug|Any CPU.ActiveCfg = Debug|Any CPU
		{AEDC0A0E-AB3C-410F-861C-513B8C6B4A1F}.Debug|Any CPU.Build.0 = Debug|Any CPU
		{AEDC0A0E-AB3C-410F-861C-513B8C6B4A1F}.Debug|x64.ActiveCfg = Debug|Any CPU
		{AEDC0A0E-AB3C-410F-861C-513B8C6B4A1F}.Debug|x64.Build.0 = Debug|Any CPU
		{AEDC0A0E-AB3C-410F-861C-513B8C6B4A1F}.Debug|x86.ActiveCfg = Debug|Any CPU
		{AEDC0A0E-AB3C-410F-861C-513B8C6B4A1F}.Debug|x86.Build.0 = Debug|Any CPU
		{AEDC0A0E-AB3C-410F-861C-513B8C6B4A1F}.Release|Any CPU.ActiveCfg = Release|Any CPU
		{AEDC0A0E-AB3C-410F-861C-513B8C6B4A1F}.Release|Any CPU.Build.0 = Release|Any CPU
		{AEDC0A0E-AB3C-410F-861C-513B8C6B4A1F}.Release|x64.ActiveCfg = Release|Any CPU
		{AEDC0A0E-AB3C-410F-861C-513B8C6B4A1F}.Release|x64.Build.0 = Release|Any CPU
		{AEDC0A0E-AB3C-410F-861C-513B8C6B4A1F}.Release|x86.ActiveCfg = Release|Any CPU
		{AEDC0A0E-AB3C-410F-861C-513B8C6B4A1F}.Release|x86.Build.0 = Release|Any CPU
		{C1B275E0-5167-4DA9-82CC-D08D22C514D1}.Debug|Any CPU.ActiveCfg = Debug|Any CPU
		{C1B275E0-5167-4DA9-82CC-D08D22C514D1}.Debug|Any CPU.Build.0 = Debug|Any CPU
		{C1B275E0-5167-4DA9-82CC-D08D22C514D1}.Debug|x64.ActiveCfg = Debug|Any CPU
		{C1B275E0-5167-4DA9-82CC-D08D22C514D1}.Debug|x64.Build.0 = Debug|Any CPU
		{C1B275E0-5167-4DA9-82CC-D08D22C514D1}.Debug|x86.ActiveCfg = Debug|Any CPU
		{C1B275E0-5167-4DA9-82CC-D08D22C514D1}.Debug|x86.Build.0 = Debug|Any CPU
		{C1B275E0-5167-4DA9-82CC-D08D22C514D1}.Release|Any CPU.ActiveCfg = Release|Any CPU
		{C1B275E0-5167-4DA9-82CC-D08D22C514D1}.Release|Any CPU.Build.0 = Release|Any CPU
		{C1B275E0-5167-4DA9-82CC-D08D22C514D1}.Release|x64.ActiveCfg = Release|Any CPU
		{C1B275E0-5167-4DA9-82CC-D08D22C514D1}.Release|x64.Build.0 = Release|Any CPU
		{C1B275E0-5167-4DA9-82CC-D08D22C514D1}.Release|x86.ActiveCfg = Release|Any CPU
		{C1B275E0-5167-4DA9-82CC-D08D22C514D1}.Release|x86.Build.0 = Release|Any CPU
	EndGlobalSection
	GlobalSection(SolutionProperties) = preSolution
		HideSolutionNode = FALSE
	EndGlobalSection
	GlobalSection(NestedProjects) = preSolution
		{598A8CCD-D556-4829-9645-5B87CA95017E} = {5691873E-FF70-46E2-8E95-2656FCAFD031}
		{ACCF3430-1EC3-4014-A476-6D74DEB9D4E2} = {5691873E-FF70-46E2-8E95-2656FCAFD031}
		{B5E88DB4-1158-4B84-A6F5-07C10D7E091B} = {5691873E-FF70-46E2-8E95-2656FCAFD031}
		{1CA12EC6-B76E-436D-B094-6031D77C1008} = {5691873E-FF70-46E2-8E95-2656FCAFD031}
		{FADE7DD8-E362-4CC6-A184-A50B94BB24E8} = {5691873E-FF70-46E2-8E95-2656FCAFD031}
		{F36A68F2-2D24-4BBA-B82A-D4338FB5A6BD} = {5691873E-FF70-46E2-8E95-2656FCAFD031}
		{65DFEA9B-C932-44A1-97B1-514753568B0D} = {5691873E-FF70-46E2-8E95-2656FCAFD031}
		{3DD1D7A1-B5A3-46CC-A11A-D8A9B360942A} = {5691873E-FF70-46E2-8E95-2656FCAFD031}
		{8AC71CBD-3258-4EA5-8E68-2040C131D4BE} = {5691873E-FF70-46E2-8E95-2656FCAFD031}
		{A152B3F4-3804-4821-8057-AE216FCB1AF9} = {5691873E-FF70-46E2-8E95-2656FCAFD031}
		{3A10A7A8-C9A0-423B-B001-2DF1CEC94169} = {5691873E-FF70-46E2-8E95-2656FCAFD031}
		{1459D915-140E-4CFA-8AFF-25A4B681D8D2} = {5691873E-FF70-46E2-8E95-2656FCAFD031}
		{43A25D62-BFF6-4275-AA01-8E6E7378EADD} = {5691873E-FF70-46E2-8E95-2656FCAFD031}
		{B74C1AC2-092F-4639-9C7B-7D7EB8EA0B65} = {5691873E-FF70-46E2-8E95-2656FCAFD031}
		{2575FF40-C53D-4631-92FD-49AF38E96B81} = {5691873E-FF70-46E2-8E95-2656FCAFD031}
		{D8E7644E-F268-450A-8264-41AA07379C7C} = {5691873E-FF70-46E2-8E95-2656FCAFD031}
		{C423F891-8992-4F33-A4D0-989A327802C8} = {5691873E-FF70-46E2-8E95-2656FCAFD031}
		{F5EC537D-9907-4D15-8D5B-74DFE53FFA75} = {5691873E-FF70-46E2-8E95-2656FCAFD031}
		{E025D610-0D9F-47D5-8A3D-46B299104849} = {5691873E-FF70-46E2-8E95-2656FCAFD031}
		{A6388D7B-9FE3-4CC8-ACF6-258482AB55C4} = {5691873E-FF70-46E2-8E95-2656FCAFD031}
		{1787E907-F20B-4E78-9B3D-0D93D9BC42A1} = {5691873E-FF70-46E2-8E95-2656FCAFD031}
		{AB023E2B-2DB7-4149-8816-CC65AD6127EA} = {5691873E-FF70-46E2-8E95-2656FCAFD031}
		{5510711F-B05C-4609-BF8F-B7E70D9C727D} = {5691873E-FF70-46E2-8E95-2656FCAFD031}
		{14C7031A-3CCF-4423-9B28-8C0F4F97E738} = {5691873E-FF70-46E2-8E95-2656FCAFD031}
		{92DAD6DA-3F71-4352-9ED5-8E0078C923F5} = {5691873E-FF70-46E2-8E95-2656FCAFD031}
		{7D398CEA-6E6C-44DC-82B1-1ECB38E1F8E5} = {5691873E-FF70-46E2-8E95-2656FCAFD031}
		{A6A5A78A-54C6-4B28-B0FF-9851056387FB} = {5691873E-FF70-46E2-8E95-2656FCAFD031}
		{23EF1475-E832-4693-A263-24F5E8792B8D} = {5691873E-FF70-46E2-8E95-2656FCAFD031}
		{166DAA88-0223-497C-9BB4-DD92608E6AE6} = {5691873E-FF70-46E2-8E95-2656FCAFD031}
		{CDA2A6B1-47B6-443E-A2A5-797B43DCB314} = {5691873E-FF70-46E2-8E95-2656FCAFD031}
		{C7045BDB-7C74-4F8F-A0AE-13691A67D40B} = {5691873E-FF70-46E2-8E95-2656FCAFD031}
		{B8560BEB-6837-40D9-B9F7-1782029BD0A6} = {5691873E-FF70-46E2-8E95-2656FCAFD031}
		{B4785B46-5F38-4DF1-85FD-4F00BBD2A66F} = {5691873E-FF70-46E2-8E95-2656FCAFD031}
		{6A6B409A-256F-415F-ACDE-759D5524C193} = {5691873E-FF70-46E2-8E95-2656FCAFD031}
		{8B1FC7C3-2D94-424C-B83C-C1E8221A9220} = {5691873E-FF70-46E2-8E95-2656FCAFD031}
		{B9D0D691-8C96-491E-9A94-ECD3F5D70196} = {5691873E-FF70-46E2-8E95-2656FCAFD031}
		{F2FE8923-6342-4EAB-9F85-92877C3D9A84} = {5691873E-FF70-46E2-8E95-2656FCAFD031}
		{C2F69F21-7B52-4166-B1C0-AF6A43A0EA5A} = {5691873E-FF70-46E2-8E95-2656FCAFD031}
		{11EF8FFF-25DE-4ADB-A951-FA10A421FFE4} = {5691873E-FF70-46E2-8E95-2656FCAFD031}
		{FECA3C58-8891-4685-8821-AE9B9FD0F61D} = {5691873E-FF70-46E2-8E95-2656FCAFD031}
		{06FC10FE-AEAC-43D8-BA26-CBD6D553F781} = {5691873E-FF70-46E2-8E95-2656FCAFD031}
		{E5663F5F-DF0C-4DBC-B7D3-888CD7357641} = {5691873E-FF70-46E2-8E95-2656FCAFD031}
		{DF73C4BE-2E66-484B-BD5D-19E4F727AF0D} = {5691873E-FF70-46E2-8E95-2656FCAFD031}
		{49EB1C1C-9E8A-45E2-81EC-472297941C80} = {5691873E-FF70-46E2-8E95-2656FCAFD031}
		{16D87114-29CB-4F8A-A4A8-8322D37B9A01} = {5691873E-FF70-46E2-8E95-2656FCAFD031}
		{BAA1E579-43B3-4972-B755-23084EEBE6DE} = {5691873E-FF70-46E2-8E95-2656FCAFD031}
		{556729F2-C013-4D25-978B-D821C1C3452F} = {5691873E-FF70-46E2-8E95-2656FCAFD031}
		{6C505725-732C-44AE-99DD-16E74C9EAB3F} = {5691873E-FF70-46E2-8E95-2656FCAFD031}
		{ADE7A824-DA4C-44DB-99F2-DE95A58ADC02} = {5691873E-FF70-46E2-8E95-2656FCAFD031}
		{B2F2C652-892C-4746-8F61-286AB938A005} = {5691873E-FF70-46E2-8E95-2656FCAFD031}
		{A1C5DE9A-BF6B-4713-B6A1-49B1A633B824} = {5691873E-FF70-46E2-8E95-2656FCAFD031}
		{193297BB-AC86-4AA8-8542-7794B94DF53A} = {5691873E-FF70-46E2-8E95-2656FCAFD031}
		{C6150C7A-9098-4256-B44B-F9717D83C9BB} = {5691873E-FF70-46E2-8E95-2656FCAFD031}
		{41199FAA-0C31-48EC-9089-2CD706D1EAB6} = {5691873E-FF70-46E2-8E95-2656FCAFD031}
		{9EDD7C12-E60C-4B5B-B8A5-D51C07CB757E} = {5691873E-FF70-46E2-8E95-2656FCAFD031}
		{9BE49992-76D7-4607-9B45-6F7A6D7C1024} = {5691873E-FF70-46E2-8E95-2656FCAFD031}
		{516CD46C-3BCC-4027-AA2D-99AC6F1BD504} = {5691873E-FF70-46E2-8E95-2656FCAFD031}
		{1AD181B4-CC95-4959-917E-5FEAEF747F52} = {5691873E-FF70-46E2-8E95-2656FCAFD031}
		{343F79FE-E21C-41DB-A228-2819E1B41B3E} = {5691873E-FF70-46E2-8E95-2656FCAFD031}
		{C859D3C0-510C-45AA-8DC0-6E247AFEF7E3} = {5691873E-FF70-46E2-8E95-2656FCAFD031}
		{2683909D-0B26-493A-AFFC-861B1238D07E} = {5691873E-FF70-46E2-8E95-2656FCAFD031}
		{A42CBE37-357A-48CF-AD16-19EC066AC6E7} = {5691873E-FF70-46E2-8E95-2656FCAFD031}
		{E9348C48-9D1D-4C68-8A37-9F52CF42C8DB} = {5691873E-FF70-46E2-8E95-2656FCAFD031}
		{D33EB5DD-D9BA-4926-B5FC-B3DF98F0A5F9} = {5691873E-FF70-46E2-8E95-2656FCAFD031}
		{1729DE52-FDD0-4EA7-AD6A-6B4F318E7358} = {5691873E-FF70-46E2-8E95-2656FCAFD031}
		{8C65BF32-675C-44AD-A889-6B48608ED88F} = {5691873E-FF70-46E2-8E95-2656FCAFD031}
		{263519DD-7FC4-47D1-9288-5F3F7458F45C} = {5691873E-FF70-46E2-8E95-2656FCAFD031}
		{DC949D9D-943D-4BCD-93CC-FEE80ADA5762} = {5691873E-FF70-46E2-8E95-2656FCAFD031}
		{2944B948-C2C3-48E7-8AC6-6D28C371FA47} = {5691873E-FF70-46E2-8E95-2656FCAFD031}
		{499FE71F-2851-46FF-AACB-E2A557A7C888} = {5691873E-FF70-46E2-8E95-2656FCAFD031}
		{5277250D-035F-4B68-8324-EED51980DE41} = {5691873E-FF70-46E2-8E95-2656FCAFD031}
		{0DD39C66-1C1A-4B7E-905D-8D216F9FF758} = {5691873E-FF70-46E2-8E95-2656FCAFD031}
		{30801978-CF80-4C5A-A351-BDB9C2566C19} = {5691873E-FF70-46E2-8E95-2656FCAFD031}
		{909F98BC-7FAD-4993-8768-09C52EDE5414} = {5691873E-FF70-46E2-8E95-2656FCAFD031}
		{C9AF1606-CCE5-4020-A2A4-5DF2759B0702} = {5691873E-FF70-46E2-8E95-2656FCAFD031}
		{BCED878D-F2A4-41F5-927D-3F9E9811553D} = {5691873E-FF70-46E2-8E95-2656FCAFD031}
	EndGlobalSection
	GlobalSection(ExtensibilityGlobals) = postSolution
		SolutionGuid = {176A5000-0720-4683-B1AD-8393A6E71243}
	EndGlobalSection
EndGlobal
